// !$*UTF8*$!
{
	archiveVersion = 1;
	classes = {
	};
	objectVersion = 48;
	objects = {

/* Begin PBXBuildFile section */
		9C3E5C772060B6A200F30377 /* KTVVPFrameCMSmapleBuffer.m in Sources */ = {isa = PBXBuildFile; fileRef = 9C3E5C762060B6A200F30377 /* KTVVPFrameCMSmapleBuffer.m */; };
		9C3E5C7A2060C9A200F30377 /* KTVVPFrameDrawable.m in Sources */ = {isa = PBXBuildFile; fileRef = 9C3E5C792060C9A200F30377 /* KTVVPFrameDrawable.m */; };
		9C3E5C7D2060D56700F30377 /* KTVVPFrameTextureOnly.m in Sources */ = {isa = PBXBuildFile; fileRef = 9C3E5C7C2060D56700F30377 /* KTVVPFrameTextureOnly.m */; };
		9C3E5C832060E6ED00F30377 /* KTVVPFilterToneCurve.m in Sources */ = {isa = PBXBuildFile; fileRef = 9C3E5C822060E6ED00F30377 /* KTVVPFilterToneCurve.m */; };
		9C3E5C862060E99800F30377 /* KTVVPGLToneCurveProgram.m in Sources */ = {isa = PBXBuildFile; fileRef = 9C3E5C852060E99800F30377 /* KTVVPGLToneCurveProgram.m */; };
		9C3E5C8D2060EE1400F30377 /* blueCrystalFilter.acv in Resources */ = {isa = PBXBuildFile; fileRef = 9C3E5C882060EE1400F30377 /* blueCrystalFilter.acv */; };
		9C3E5C8E2060EE1400F30377 /* lakeWaterFilter.acv in Resources */ = {isa = PBXBuildFile; fileRef = 9C3E5C892060EE1400F30377 /* lakeWaterFilter.acv */; };
		9C3E5C8F2060EE1400F30377 /* rixi.acv in Resources */ = {isa = PBXBuildFile; fileRef = 9C3E5C8A2060EE1400F30377 /* rixi.acv */; };
		9C3E5C902060EE1400F30377 /* videoEffectCool.acv in Resources */ = {isa = PBXBuildFile; fileRef = 9C3E5C8B2060EE1400F30377 /* videoEffectCool.acv */; };
		9C3E5C912060EE1400F30377 /* youya.acv in Resources */ = {isa = PBXBuildFile; fileRef = 9C3E5C8C2060EE1400F30377 /* youya.acv */; };
		9C611928205F57A50040B277 /* KTVVPProcessor.m in Sources */ = {isa = PBXBuildFile; fileRef = 9C611927205F57A50040B277 /* KTVVPProcessor.m */; };
		9C61192B205F58760040B277 /* KTVVPFilter.m in Sources */ = {isa = PBXBuildFile; fileRef = 9C61192A205F58760040B277 /* KTVVPFilter.m */; };
		9C61192F205F5AA60040B277 /* KTVVPPipeline.m in Sources */ = {isa = PBXBuildFile; fileRef = 9C61192E205F5AA60040B277 /* KTVVPPipeline.m */; };
		9C611932205F8E120040B277 /* KTVVPPassThroughFilter.m in Sources */ = {isa = PBXBuildFile; fileRef = 9C611931205F8E120040B277 /* KTVVPPassThroughFilter.m */; };
		9C990597205A194800D7CF3A /* AppDelegate.m in Sources */ = {isa = PBXBuildFile; fileRef = 9C990596205A194800D7CF3A /* AppDelegate.m */; };
		9C99059A205A194800D7CF3A /* ViewController.m in Sources */ = {isa = PBXBuildFile; fileRef = 9C990599205A194800D7CF3A /* ViewController.m */; };
		9C99059D205A194800D7CF3A /* Main.storyboard in Resources */ = {isa = PBXBuildFile; fileRef = 9C99059B205A194800D7CF3A /* Main.storyboard */; };
		9C99059F205A194800D7CF3A /* Assets.xcassets in Resources */ = {isa = PBXBuildFile; fileRef = 9C99059E205A194800D7CF3A /* Assets.xcassets */; };
		9C9905A2205A194800D7CF3A /* LaunchScreen.storyboard in Resources */ = {isa = PBXBuildFile; fileRef = 9C9905A0205A194800D7CF3A /* LaunchScreen.storyboard */; };
		9C9905A5205A194800D7CF3A /* main.m in Sources */ = {isa = PBXBuildFile; fileRef = 9C9905A4205A194800D7CF3A /* main.m */; };
		9C9905B2205A1A2600D7CF3A /* KTVVPVideoCamera.m in Sources */ = {isa = PBXBuildFile; fileRef = 9C9905B1205A1A2600D7CF3A /* KTVVPVideoCamera.m */; };
		9C9905B9205A1DF900D7CF3A /* KTVVPFrame.m in Sources */ = {isa = PBXBuildFile; fileRef = 9C9905B8205A1DF900D7CF3A /* KTVVPFrame.m */; };
		9C9905BC205A1E1800D7CF3A /* KTVVPFramePool.m in Sources */ = {isa = PBXBuildFile; fileRef = 9C9905BB205A1E1800D7CF3A /* KTVVPFramePool.m */; };
		9C9905BF205A211A00D7CF3A /* KTVVPFrameView.m in Sources */ = {isa = PBXBuildFile; fileRef = 9C9905BE205A211A00D7CF3A /* KTVVPFrameView.m */; };
		9C9905C8205A4C5E00D7CF3A /* KTVVPMessageLoop.m in Sources */ = {isa = PBXBuildFile; fileRef = 9C9905C7205A4C5E00D7CF3A /* KTVVPMessageLoop.m */; };
		9C9905CB205A4D3300D7CF3A /* KTVVPMessage.m in Sources */ = {isa = PBXBuildFile; fileRef = 9C9905CA205A4D3300D7CF3A /* KTVVPMessage.m */; };
		9C9905CF205A4D8600D7CF3A /* KTVVPObjectQueue.m in Sources */ = {isa = PBXBuildFile; fileRef = 9C9905CE205A4D8600D7CF3A /* KTVVPObjectQueue.m */; };
		9C9905D4205A627F00D7CF3A /* KTVVPGLProgram.m in Sources */ = {isa = PBXBuildFile; fileRef = 9C9905D3205A627F00D7CF3A /* KTVVPGLProgram.m */; };
		9C9905D7205A6A5F00D7CF3A /* KTVVPGLModel.m in Sources */ = {isa = PBXBuildFile; fileRef = 9C9905D6205A6A5F00D7CF3A /* KTVVPGLModel.m */; };
		9C9905DA205A6B1000D7CF3A /* KTVVPGLPlaneModel.m in Sources */ = {isa = PBXBuildFile; fileRef = 9C9905D9205A6B1000D7CF3A /* KTVVPGLPlaneModel.m */; };
		9C9905DE205A6D7C00D7CF3A /* KTVVPGLRGBProgram.m in Sources */ = {isa = PBXBuildFile; fileRef = 9C9905DD205A6D7C00D7CF3A /* KTVVPGLRGBProgram.m */; };
		9CC08E51205B6D0300F15D88 /* KTVVPFrameUploader.m in Sources */ = {isa = PBXBuildFile; fileRef = 9CC08E50205B6D0300F15D88 /* KTVVPFrameUploader.m */; };
		9CC08E57205B88F000F15D88 /* KTVVPContext.m in Sources */ = {isa = PBXBuildFile; fileRef = 9CC08E56205B88F000F15D88 /* KTVVPContext.m */; };
/* End PBXBuildFile section */

/* Begin PBXFileReference section */
		9C3E5C752060B6A200F30377 /* KTVVPFrameCMSmapleBuffer.h */ = {isa = PBXFileReference; lastKnownFileType = sourcecode.c.h; path = KTVVPFrameCMSmapleBuffer.h; sourceTree = "<group>"; };
		9C3E5C762060B6A200F30377 /* KTVVPFrameCMSmapleBuffer.m */ = {isa = PBXFileReference; lastKnownFileType = sourcecode.c.objc; path = KTVVPFrameCMSmapleBuffer.m; sourceTree = "<group>"; };
		9C3E5C782060C9A200F30377 /* KTVVPFrameDrawable.h */ = {isa = PBXFileReference; lastKnownFileType = sourcecode.c.h; path = KTVVPFrameDrawable.h; sourceTree = "<group>"; };
		9C3E5C792060C9A200F30377 /* KTVVPFrameDrawable.m */ = {isa = PBXFileReference; lastKnownFileType = sourcecode.c.objc; path = KTVVPFrameDrawable.m; sourceTree = "<group>"; };
		9C3E5C7B2060D56700F30377 /* KTVVPFrameTextureOnly.h */ = {isa = PBXFileReference; lastKnownFileType = sourcecode.c.h; path = KTVVPFrameTextureOnly.h; sourceTree = "<group>"; };
		9C3E5C7C2060D56700F30377 /* KTVVPFrameTextureOnly.m */ = {isa = PBXFileReference; lastKnownFileType = sourcecode.c.objc; path = KTVVPFrameTextureOnly.m; sourceTree = "<group>"; };
		9C3E5C812060E6ED00F30377 /* KTVVPFilterToneCurve.h */ = {isa = PBXFileReference; lastKnownFileType = sourcecode.c.h; path = KTVVPFilterToneCurve.h; sourceTree = "<group>"; };
		9C3E5C822060E6ED00F30377 /* KTVVPFilterToneCurve.m */ = {isa = PBXFileReference; lastKnownFileType = sourcecode.c.objc; path = KTVVPFilterToneCurve.m; sourceTree = "<group>"; };
		9C3E5C842060E99800F30377 /* KTVVPGLToneCurveProgram.h */ = {isa = PBXFileReference; lastKnownFileType = sourcecode.c.h; path = KTVVPGLToneCurveProgram.h; sourceTree = "<group>"; };
		9C3E5C852060E99800F30377 /* KTVVPGLToneCurveProgram.m */ = {isa = PBXFileReference; lastKnownFileType = sourcecode.c.objc; path = KTVVPGLToneCurveProgram.m; sourceTree = "<group>"; };
		9C3E5C882060EE1400F30377 /* blueCrystalFilter.acv */ = {isa = PBXFileReference; lastKnownFileType = file; path = blueCrystalFilter.acv; sourceTree = "<group>"; };
		9C3E5C892060EE1400F30377 /* lakeWaterFilter.acv */ = {isa = PBXFileReference; lastKnownFileType = file; path = lakeWaterFilter.acv; sourceTree = "<group>"; };
		9C3E5C8A2060EE1400F30377 /* rixi.acv */ = {isa = PBXFileReference; lastKnownFileType = file; path = rixi.acv; sourceTree = "<group>"; };
		9C3E5C8B2060EE1400F30377 /* videoEffectCool.acv */ = {isa = PBXFileReference; lastKnownFileType = file; path = videoEffectCool.acv; sourceTree = "<group>"; };
		9C3E5C8C2060EE1400F30377 /* youya.acv */ = {isa = PBXFileReference; lastKnownFileType = file; path = youya.acv; sourceTree = "<group>"; };
		9C611926205F57A50040B277 /* KTVVPProcessor.h */ = {isa = PBXFileReference; lastKnownFileType = sourcecode.c.h; path = KTVVPProcessor.h; sourceTree = "<group>"; };
		9C611927205F57A50040B277 /* KTVVPProcessor.m */ = {isa = PBXFileReference; lastKnownFileType = sourcecode.c.objc; path = KTVVPProcessor.m; sourceTree = "<group>"; };
		9C611929205F58760040B277 /* KTVVPFilter.h */ = {isa = PBXFileReference; lastKnownFileType = sourcecode.c.h; path = KTVVPFilter.h; sourceTree = "<group>"; };
		9C61192A205F58760040B277 /* KTVVPFilter.m */ = {isa = PBXFileReference; lastKnownFileType = sourcecode.c.objc; path = KTVVPFilter.m; sourceTree = "<group>"; };
		9C61192D205F5AA60040B277 /* KTVVPPipeline.h */ = {isa = PBXFileReference; lastKnownFileType = sourcecode.c.h; path = KTVVPPipeline.h; sourceTree = "<group>"; };
		9C61192E205F5AA60040B277 /* KTVVPPipeline.m */ = {isa = PBXFileReference; lastKnownFileType = sourcecode.c.objc; path = KTVVPPipeline.m; sourceTree = "<group>"; };
		9C611930205F8E120040B277 /* KTVVPPassThroughFilter.h */ = {isa = PBXFileReference; lastKnownFileType = sourcecode.c.h; path = KTVVPPassThroughFilter.h; sourceTree = "<group>"; };
		9C611931205F8E120040B277 /* KTVVPPassThroughFilter.m */ = {isa = PBXFileReference; lastKnownFileType = sourcecode.c.objc; path = KTVVPPassThroughFilter.m; sourceTree = "<group>"; };
		9C990592205A194800D7CF3A /* KTVVideoProcessDemo.app */ = {isa = PBXFileReference; explicitFileType = wrapper.application; includeInIndex = 0; path = KTVVideoProcessDemo.app; sourceTree = BUILT_PRODUCTS_DIR; };
		9C990595205A194800D7CF3A /* AppDelegate.h */ = {isa = PBXFileReference; lastKnownFileType = sourcecode.c.h; path = AppDelegate.h; sourceTree = "<group>"; };
		9C990596205A194800D7CF3A /* AppDelegate.m */ = {isa = PBXFileReference; lastKnownFileType = sourcecode.c.objc; path = AppDelegate.m; sourceTree = "<group>"; };
		9C990598205A194800D7CF3A /* ViewController.h */ = {isa = PBXFileReference; lastKnownFileType = sourcecode.c.h; path = ViewController.h; sourceTree = "<group>"; };
		9C990599205A194800D7CF3A /* ViewController.m */ = {isa = PBXFileReference; lastKnownFileType = sourcecode.c.objc; path = ViewController.m; sourceTree = "<group>"; };
		9C99059C205A194800D7CF3A /* Base */ = {isa = PBXFileReference; lastKnownFileType = file.storyboard; name = Base; path = Base.lproj/Main.storyboard; sourceTree = "<group>"; };
		9C99059E205A194800D7CF3A /* Assets.xcassets */ = {isa = PBXFileReference; lastKnownFileType = folder.assetcatalog; path = Assets.xcassets; sourceTree = "<group>"; };
		9C9905A1205A194800D7CF3A /* Base */ = {isa = PBXFileReference; lastKnownFileType = file.storyboard; name = Base; path = Base.lproj/LaunchScreen.storyboard; sourceTree = "<group>"; };
		9C9905A3205A194800D7CF3A /* Info.plist */ = {isa = PBXFileReference; lastKnownFileType = text.plist.xml; path = Info.plist; sourceTree = "<group>"; };
		9C9905A4205A194800D7CF3A /* main.m */ = {isa = PBXFileReference; lastKnownFileType = sourcecode.c.objc; path = main.m; sourceTree = "<group>"; };
		9C9905B0205A1A2600D7CF3A /* KTVVPVideoCamera.h */ = {isa = PBXFileReference; lastKnownFileType = sourcecode.c.h; path = KTVVPVideoCamera.h; sourceTree = "<group>"; };
		9C9905B1205A1A2600D7CF3A /* KTVVPVideoCamera.m */ = {isa = PBXFileReference; lastKnownFileType = sourcecode.c.objc; path = KTVVPVideoCamera.m; sourceTree = "<group>"; };
		9C9905B4205A1C6300D7CF3A /* KTVVPInput.h */ = {isa = PBXFileReference; lastKnownFileType = sourcecode.c.h; path = KTVVPInput.h; sourceTree = "<group>"; };
		9C9905B5205A1C7000D7CF3A /* KTVVPOutput.h */ = {isa = PBXFileReference; lastKnownFileType = sourcecode.c.h; path = KTVVPOutput.h; sourceTree = "<group>"; };
		9C9905B7205A1DF900D7CF3A /* KTVVPFrame.h */ = {isa = PBXFileReference; lastKnownFileType = sourcecode.c.h; path = KTVVPFrame.h; sourceTree = "<group>"; };
		9C9905B8205A1DF900D7CF3A /* KTVVPFrame.m */ = {isa = PBXFileReference; lastKnownFileType = sourcecode.c.objc; path = KTVVPFrame.m; sourceTree = "<group>"; };
		9C9905BA205A1E1800D7CF3A /* KTVVPFramePool.h */ = {isa = PBXFileReference; lastKnownFileType = sourcecode.c.h; path = KTVVPFramePool.h; sourceTree = "<group>"; };
		9C9905BB205A1E1800D7CF3A /* KTVVPFramePool.m */ = {isa = PBXFileReference; lastKnownFileType = sourcecode.c.objc; path = KTVVPFramePool.m; sourceTree = "<group>"; };
		9C9905BD205A211A00D7CF3A /* KTVVPFrameView.h */ = {isa = PBXFileReference; lastKnownFileType = sourcecode.c.h; path = KTVVPFrameView.h; sourceTree = "<group>"; };
		9C9905BE205A211A00D7CF3A /* KTVVPFrameView.m */ = {isa = PBXFileReference; lastKnownFileType = sourcecode.c.objc; path = KTVVPFrameView.m; sourceTree = "<group>"; };
		9C9905C6205A4C5E00D7CF3A /* KTVVPMessageLoop.h */ = {isa = PBXFileReference; lastKnownFileType = sourcecode.c.h; path = KTVVPMessageLoop.h; sourceTree = "<group>"; };
		9C9905C7205A4C5E00D7CF3A /* KTVVPMessageLoop.m */ = {isa = PBXFileReference; lastKnownFileType = sourcecode.c.objc; path = KTVVPMessageLoop.m; sourceTree = "<group>"; };
		9C9905C9205A4D3300D7CF3A /* KTVVPMessage.h */ = {isa = PBXFileReference; lastKnownFileType = sourcecode.c.h; path = KTVVPMessage.h; sourceTree = "<group>"; };
		9C9905CA205A4D3300D7CF3A /* KTVVPMessage.m */ = {isa = PBXFileReference; lastKnownFileType = sourcecode.c.objc; path = KTVVPMessage.m; sourceTree = "<group>"; };
		9C9905CD205A4D8600D7CF3A /* KTVVPObjectQueue.h */ = {isa = PBXFileReference; lastKnownFileType = sourcecode.c.h; path = KTVVPObjectQueue.h; sourceTree = "<group>"; };
		9C9905CE205A4D8600D7CF3A /* KTVVPObjectQueue.m */ = {isa = PBXFileReference; lastKnownFileType = sourcecode.c.objc; path = KTVVPObjectQueue.m; sourceTree = "<group>"; };
		9C9905D0205A54B100D7CF3A /* KTVVPGLDefines.h */ = {isa = PBXFileReference; lastKnownFileType = sourcecode.c.h; path = KTVVPGLDefines.h; sourceTree = "<group>"; };
		9C9905D2205A627F00D7CF3A /* KTVVPGLProgram.h */ = {isa = PBXFileReference; lastKnownFileType = sourcecode.c.h; path = KTVVPGLProgram.h; sourceTree = "<group>"; };
		9C9905D3205A627F00D7CF3A /* KTVVPGLProgram.m */ = {isa = PBXFileReference; lastKnownFileType = sourcecode.c.objc; path = KTVVPGLProgram.m; sourceTree = "<group>"; };
		9C9905D5205A6A5F00D7CF3A /* KTVVPGLModel.h */ = {isa = PBXFileReference; lastKnownFileType = sourcecode.c.h; path = KTVVPGLModel.h; sourceTree = "<group>"; };
		9C9905D6205A6A5F00D7CF3A /* KTVVPGLModel.m */ = {isa = PBXFileReference; lastKnownFileType = sourcecode.c.objc; path = KTVVPGLModel.m; sourceTree = "<group>"; };
		9C9905D8205A6B1000D7CF3A /* KTVVPGLPlaneModel.h */ = {isa = PBXFileReference; lastKnownFileType = sourcecode.c.h; path = KTVVPGLPlaneModel.h; sourceTree = "<group>"; };
		9C9905D9205A6B1000D7CF3A /* KTVVPGLPlaneModel.m */ = {isa = PBXFileReference; lastKnownFileType = sourcecode.c.objc; path = KTVVPGLPlaneModel.m; sourceTree = "<group>"; };
		9C9905DC205A6D7C00D7CF3A /* KTVVPGLRGBProgram.h */ = {isa = PBXFileReference; lastKnownFileType = sourcecode.c.h; path = KTVVPGLRGBProgram.h; sourceTree = "<group>"; };
		9C9905DD205A6D7C00D7CF3A /* KTVVPGLRGBProgram.m */ = {isa = PBXFileReference; lastKnownFileType = sourcecode.c.objc; path = KTVVPGLRGBProgram.m; sourceTree = "<group>"; };
		9CC08E4F205B6D0300F15D88 /* KTVVPFrameUploader.h */ = {isa = PBXFileReference; lastKnownFileType = sourcecode.c.h; path = KTVVPFrameUploader.h; sourceTree = "<group>"; };
		9CC08E50205B6D0300F15D88 /* KTVVPFrameUploader.m */ = {isa = PBXFileReference; lastKnownFileType = sourcecode.c.objc; path = KTVVPFrameUploader.m; sourceTree = "<group>"; };
		9CC08E55205B88F000F15D88 /* KTVVPContext.h */ = {isa = PBXFileReference; lastKnownFileType = sourcecode.c.h; path = KTVVPContext.h; sourceTree = "<group>"; };
		9CC08E56205B88F000F15D88 /* KTVVPContext.m */ = {isa = PBXFileReference; lastKnownFileType = sourcecode.c.objc; path = KTVVPContext.m; sourceTree = "<group>"; };
/* End PBXFileReference section */

/* Begin PBXFrameworksBuildPhase section */
		9C99058F205A194800D7CF3A /* Frameworks */ = {
			isa = PBXFrameworksBuildPhase;
			buildActionMask = 2147483647;
			files = (
			);
			runOnlyForDeploymentPostprocessing = 0;
		};
/* End PBXFrameworksBuildPhase section */

/* Begin PBXGroup section */
		9C3E5C802060E6CD00F30377 /* Filters */ = {
			isa = PBXGroup;
			children = (
				9C3E5C872060EE1400F30377 /* ACV */,
				9C3E5C812060E6ED00F30377 /* KTVVPFilterToneCurve.h */,
				9C3E5C822060E6ED00F30377 /* KTVVPFilterToneCurve.m */,
				9C3E5C842060E99800F30377 /* KTVVPGLToneCurveProgram.h */,
				9C3E5C852060E99800F30377 /* KTVVPGLToneCurveProgram.m */,
			);
			path = Filters;
			sourceTree = "<group>";
		};
		9C3E5C872060EE1400F30377 /* ACV */ = {
			isa = PBXGroup;
			children = (
				9C3E5C882060EE1400F30377 /* blueCrystalFilter.acv */,
				9C3E5C892060EE1400F30377 /* lakeWaterFilter.acv */,
				9C3E5C8A2060EE1400F30377 /* rixi.acv */,
				9C3E5C8B2060EE1400F30377 /* videoEffectCool.acv */,
				9C3E5C8C2060EE1400F30377 /* youya.acv */,
			);
			path = ACV;
			sourceTree = "<group>";
		};
		9C990589205A194800D7CF3A = {
			isa = PBXGroup;
			children = (
				9C9905AB205A19D200D7CF3A /* KTVVideoProcess */,
				9C990594205A194800D7CF3A /* KTVVideoProcessDemo */,
				9C990593205A194800D7CF3A /* Products */,
			);
			sourceTree = "<group>";
		};
		9C990593205A194800D7CF3A /* Products */ = {
			isa = PBXGroup;
			children = (
				9C990592205A194800D7CF3A /* KTVVideoProcessDemo.app */,
			);
			name = Products;
			sourceTree = "<group>";
		};
		9C990594205A194800D7CF3A /* KTVVideoProcessDemo */ = {
			isa = PBXGroup;
			children = (
				9C3E5C802060E6CD00F30377 /* Filters */,
				9C990595205A194800D7CF3A /* AppDelegate.h */,
				9C990596205A194800D7CF3A /* AppDelegate.m */,
				9C990598205A194800D7CF3A /* ViewController.h */,
				9C990599205A194800D7CF3A /* ViewController.m */,
				9C99059B205A194800D7CF3A /* Main.storyboard */,
				9C99059E205A194800D7CF3A /* Assets.xcassets */,
				9C9905A0205A194800D7CF3A /* LaunchScreen.storyboard */,
				9C9905A3205A194800D7CF3A /* Info.plist */,
				9C9905A4205A194800D7CF3A /* main.m */,
			);
			path = KTVVideoProcessDemo;
			sourceTree = "<group>";
		};
		9C9905AB205A19D200D7CF3A /* KTVVideoProcess */ = {
			isa = PBXGroup;
			children = (
				9C9905AC205A19D200D7CF3A /* Classes */,
			);
			path = KTVVideoProcess;
			sourceTree = "<group>";
		};
		9C9905AC205A19D200D7CF3A /* Classes */ = {
			isa = PBXGroup;
			children = (
				9C9905D1205A626900D7CF3A /* OpenGL */,
				9C9905CC205A4D6E00D7CF3A /* Message */,
				9C9905B6205A1DCD00D7CF3A /* Frame */,
				9C9905B3205A1C3B00D7CF3A /* Common */,
				9C9905AD205A19D200D7CF3A /* Consumer */,
				9C9905AE205A19D200D7CF3A /* Processor */,
				9C9905AF205A19D200D7CF3A /* Source */,
			);
			path = Classes;
			sourceTree = "<group>";
		};
		9C9905AD205A19D200D7CF3A /* Consumer */ = {
			isa = PBXGroup;
			children = (
				9C9905BD205A211A00D7CF3A /* KTVVPFrameView.h */,
				9C9905BE205A211A00D7CF3A /* KTVVPFrameView.m */,
			);
			path = Consumer;
			sourceTree = "<group>";
		};
		9C9905AE205A19D200D7CF3A /* Processor */ = {
			isa = PBXGroup;
			children = (
				9C611926205F57A50040B277 /* KTVVPProcessor.h */,
				9C611927205F57A50040B277 /* KTVVPProcessor.m */,
				9C61192D205F5AA60040B277 /* KTVVPPipeline.h */,
				9C61192E205F5AA60040B277 /* KTVVPPipeline.m */,
				9C611929205F58760040B277 /* KTVVPFilter.h */,
				9C61192A205F58760040B277 /* KTVVPFilter.m */,
				9C611930205F8E120040B277 /* KTVVPPassThroughFilter.h */,
				9C611931205F8E120040B277 /* KTVVPPassThroughFilter.m */,
			);
			path = Processor;
			sourceTree = "<group>";
		};
		9C9905AF205A19D200D7CF3A /* Source */ = {
			isa = PBXGroup;
			children = (
				9C9905B0205A1A2600D7CF3A /* KTVVPVideoCamera.h */,
				9C9905B1205A1A2600D7CF3A /* KTVVPVideoCamera.m */,
			);
			path = Source;
			sourceTree = "<group>";
		};
		9C9905B3205A1C3B00D7CF3A /* Common */ = {
			isa = PBXGroup;
			children = (
				9C9905B4205A1C6300D7CF3A /* KTVVPInput.h */,
				9C9905B5205A1C7000D7CF3A /* KTVVPOutput.h */,
				9C9905CD205A4D8600D7CF3A /* KTVVPObjectQueue.h */,
				9C9905CE205A4D8600D7CF3A /* KTVVPObjectQueue.m */,
				9CC08E55205B88F000F15D88 /* KTVVPContext.h */,
				9CC08E56205B88F000F15D88 /* KTVVPContext.m */,
			);
			path = Common;
			sourceTree = "<group>";
		};
		9C9905B6205A1DCD00D7CF3A /* Frame */ = {
			isa = PBXGroup;
			children = (
				9C9905B7205A1DF900D7CF3A /* KTVVPFrame.h */,
				9C9905B8205A1DF900D7CF3A /* KTVVPFrame.m */,
				9C9905BA205A1E1800D7CF3A /* KTVVPFramePool.h */,
				9C9905BB205A1E1800D7CF3A /* KTVVPFramePool.m */,
				9CC08E4F205B6D0300F15D88 /* KTVVPFrameUploader.h */,
				9CC08E50205B6D0300F15D88 /* KTVVPFrameUploader.m */,
				9C3E5C752060B6A200F30377 /* KTVVPFrameCMSmapleBuffer.h */,
				9C3E5C762060B6A200F30377 /* KTVVPFrameCMSmapleBuffer.m */,
				9C3E5C782060C9A200F30377 /* KTVVPFrameDrawable.h */,
				9C3E5C792060C9A200F30377 /* KTVVPFrameDrawable.m */,
				9C3E5C7B2060D56700F30377 /* KTVVPFrameTextureOnly.h */,
				9C3E5C7C2060D56700F30377 /* KTVVPFrameTextureOnly.m */,
			);
			path = Frame;
			sourceTree = "<group>";
		};
		9C9905CC205A4D6E00D7CF3A /* Message */ = {
			isa = PBXGroup;
			children = (
				9C9905C9205A4D3300D7CF3A /* KTVVPMessage.h */,
				9C9905CA205A4D3300D7CF3A /* KTVVPMessage.m */,
				9C9905C6205A4C5E00D7CF3A /* KTVVPMessageLoop.h */,
				9C9905C7205A4C5E00D7CF3A /* KTVVPMessageLoop.m */,
			);
			path = Message;
			sourceTree = "<group>";
		};
		9C9905D1205A626900D7CF3A /* OpenGL */ = {
			isa = PBXGroup;
			children = (
				9C9905D0205A54B100D7CF3A /* KTVVPGLDefines.h */,
				9C9905D2205A627F00D7CF3A /* KTVVPGLProgram.h */,
				9C9905D3205A627F00D7CF3A /* KTVVPGLProgram.m */,
				9C9905D5205A6A5F00D7CF3A /* KTVVPGLModel.h */,
				9C9905D6205A6A5F00D7CF3A /* KTVVPGLModel.m */,
				9C9905D8205A6B1000D7CF3A /* KTVVPGLPlaneModel.h */,
				9C9905D9205A6B1000D7CF3A /* KTVVPGLPlaneModel.m */,
				9C9905DC205A6D7C00D7CF3A /* KTVVPGLRGBProgram.h */,
				9C9905DD205A6D7C00D7CF3A /* KTVVPGLRGBProgram.m */,
			);
			path = OpenGL;
			sourceTree = "<group>";
		};
/* End PBXGroup section */

/* Begin PBXNativeTarget section */
		9C990591205A194800D7CF3A /* KTVVideoProcessDemo */ = {
			isa = PBXNativeTarget;
			buildConfigurationList = 9C9905A8205A194800D7CF3A /* Build configuration list for PBXNativeTarget "KTVVideoProcessDemo" */;
			buildPhases = (
				9C99058E205A194800D7CF3A /* Sources */,
				9C99058F205A194800D7CF3A /* Frameworks */,
				9C990590205A194800D7CF3A /* Resources */,
			);
			buildRules = (
			);
			dependencies = (
			);
			name = KTVVideoProcessDemo;
			productName = KTVVideoProcessDemo;
			productReference = 9C990592205A194800D7CF3A /* KTVVideoProcessDemo.app */;
			productType = "com.apple.product-type.application";
		};
/* End PBXNativeTarget section */

/* Begin PBXProject section */
		9C99058A205A194800D7CF3A /* Project object */ = {
			isa = PBXProject;
			attributes = {
				LastUpgradeCheck = 0910;
				ORGANIZATIONNAME = Single;
				TargetAttributes = {
					9C990591205A194800D7CF3A = {
						CreatedOnToolsVersion = 9.1;
						ProvisioningStyle = Automatic;
					};
				};
			};
			buildConfigurationList = 9C99058D205A194800D7CF3A /* Build configuration list for PBXProject "KTVVideoProcessDemo" */;
			compatibilityVersion = "Xcode 8.0";
			developmentRegion = en;
			hasScannedForEncodings = 0;
			knownRegions = (
				en,
				Base,
			);
			mainGroup = 9C990589205A194800D7CF3A;
			productRefGroup = 9C990593205A194800D7CF3A /* Products */;
			projectDirPath = "";
			projectRoot = "";
			targets = (
				9C990591205A194800D7CF3A /* KTVVideoProcessDemo */,
			);
		};
/* End PBXProject section */

/* Begin PBXResourcesBuildPhase section */
		9C990590205A194800D7CF3A /* Resources */ = {
			isa = PBXResourcesBuildPhase;
			buildActionMask = 2147483647;
			files = (
				9C3E5C912060EE1400F30377 /* youya.acv in Resources */,
				9C3E5C8F2060EE1400F30377 /* rixi.acv in Resources */,
				9C9905A2205A194800D7CF3A /* LaunchScreen.storyboard in Resources */,
				9C3E5C902060EE1400F30377 /* videoEffectCool.acv in Resources */,
				9C3E5C8E2060EE1400F30377 /* lakeWaterFilter.acv in Resources */,
				9C3E5C8D2060EE1400F30377 /* blueCrystalFilter.acv in Resources */,
				9C99059F205A194800D7CF3A /* Assets.xcassets in Resources */,
				9C99059D205A194800D7CF3A /* Main.storyboard in Resources */,
			);
			runOnlyForDeploymentPostprocessing = 0;
		};
/* End PBXResourcesBuildPhase section */

/* Begin PBXSourcesBuildPhase section */
		9C99058E205A194800D7CF3A /* Sources */ = {
			isa = PBXSourcesBuildPhase;
			buildActionMask = 2147483647;
			files = (
				9C3E5C862060E99800F30377 /* KTVVPGLToneCurveProgram.m in Sources */,
				9C611932205F8E120040B277 /* KTVVPPassThroughFilter.m in Sources */,
				9C3E5C7A2060C9A200F30377 /* KTVVPFrameDrawable.m in Sources */,
				9C9905D7205A6A5F00D7CF3A /* KTVVPGLModel.m in Sources */,
				9C9905CF205A4D8600D7CF3A /* KTVVPObjectQueue.m in Sources */,
				9C9905DA205A6B1000D7CF3A /* KTVVPGLPlaneModel.m in Sources */,
				9C3E5C832060E6ED00F30377 /* KTVVPFilterToneCurve.m in Sources */,
				9C9905DE205A6D7C00D7CF3A /* KTVVPGLRGBProgram.m in Sources */,
				9C9905B2205A1A2600D7CF3A /* KTVVPVideoCamera.m in Sources */,
				9C9905C8205A4C5E00D7CF3A /* KTVVPMessageLoop.m in Sources */,
				9CC08E51205B6D0300F15D88 /* KTVVPFrameUploader.m in Sources */,
				9C61192B205F58760040B277 /* KTVVPFilter.m in Sources */,
				9C99059A205A194800D7CF3A /* ViewController.m in Sources */,
				9C611928205F57A50040B277 /* KTVVPProcessor.m in Sources */,
				9C3E5C7D2060D56700F30377 /* KTVVPFrameTextureOnly.m in Sources */,
				9C9905CB205A4D3300D7CF3A /* KTVVPMessage.m in Sources */,
				9C9905A5205A194800D7CF3A /* main.m in Sources */,
				9C9905B9205A1DF900D7CF3A /* KTVVPFrame.m in Sources */,
				9C9905BF205A211A00D7CF3A /* KTVVPFrameView.m in Sources */,
				9C990597205A194800D7CF3A /* AppDelegate.m in Sources */,
				9C61192F205F5AA60040B277 /* KTVVPPipeline.m in Sources */,
				9C9905BC205A1E1800D7CF3A /* KTVVPFramePool.m in Sources */,
				9CC08E57205B88F000F15D88 /* KTVVPContext.m in Sources */,
				9C9905D4205A627F00D7CF3A /* KTVVPGLProgram.m in Sources */,
				9C3E5C772060B6A200F30377 /* KTVVPFrameCMSmapleBuffer.m in Sources */,
			);
			runOnlyForDeploymentPostprocessing = 0;
		};
/* End PBXSourcesBuildPhase section */

/* Begin PBXVariantGroup section */
		9C99059B205A194800D7CF3A /* Main.storyboard */ = {
			isa = PBXVariantGroup;
			children = (
				9C99059C205A194800D7CF3A /* Base */,
			);
			name = Main.storyboard;
			sourceTree = "<group>";
		};
		9C9905A0205A194800D7CF3A /* LaunchScreen.storyboard */ = {
			isa = PBXVariantGroup;
			children = (
				9C9905A1205A194800D7CF3A /* Base */,
			);
			name = LaunchScreen.storyboard;
			sourceTree = "<group>";
		};
/* End PBXVariantGroup section */

/* Begin XCBuildConfiguration section */
		9C9905A6205A194800D7CF3A /* Debug */ = {
			isa = XCBuildConfiguration;
			buildSettings = {
				ALWAYS_SEARCH_USER_PATHS = NO;
				CLANG_ANALYZER_NONNULL = YES;
				CLANG_ANALYZER_NUMBER_OBJECT_CONVERSION = YES_AGGRESSIVE;
				CLANG_CXX_LANGUAGE_STANDARD = "gnu++14";
				CLANG_CXX_LIBRARY = "libc++";
				CLANG_ENABLE_MODULES = YES;
				CLANG_ENABLE_OBJC_ARC = YES;
				CLANG_WARN_BLOCK_CAPTURE_AUTORELEASING = YES;
				CLANG_WARN_BOOL_CONVERSION = YES;
				CLANG_WARN_COMMA = YES;
				CLANG_WARN_CONSTANT_CONVERSION = YES;
				CLANG_WARN_DIRECT_OBJC_ISA_USAGE = YES_ERROR;
				CLANG_WARN_DOCUMENTATION_COMMENTS = YES;
				CLANG_WARN_EMPTY_BODY = YES;
				CLANG_WARN_ENUM_CONVERSION = YES;
				CLANG_WARN_INFINITE_RECURSION = YES;
				CLANG_WARN_INT_CONVERSION = YES;
				CLANG_WARN_NON_LITERAL_NULL_CONVERSION = YES;
				CLANG_WARN_OBJC_LITERAL_CONVERSION = YES;
				CLANG_WARN_OBJC_ROOT_CLASS = YES_ERROR;
				CLANG_WARN_RANGE_LOOP_ANALYSIS = YES;
				CLANG_WARN_STRICT_PROTOTYPES = YES;
				CLANG_WARN_SUSPICIOUS_MOVE = YES;
				CLANG_WARN_UNGUARDED_AVAILABILITY = YES_AGGRESSIVE;
				CLANG_WARN_UNREACHABLE_CODE = YES;
				CLANG_WARN__DUPLICATE_METHOD_MATCH = YES;
				CODE_SIGN_IDENTITY = "iPhone Developer";
				COPY_PHASE_STRIP = NO;
				DEBUG_INFORMATION_FORMAT = dwarf;
				ENABLE_STRICT_OBJC_MSGSEND = YES;
				ENABLE_TESTABILITY = YES;
				GCC_C_LANGUAGE_STANDARD = gnu11;
				GCC_DYNAMIC_NO_PIC = NO;
				GCC_NO_COMMON_BLOCKS = YES;
				GCC_OPTIMIZATION_LEVEL = 0;
				GCC_PREPROCESSOR_DEFINITIONS = (
					"DEBUG=1",
					"$(inherited)",
				);
				GCC_WARN_64_TO_32_BIT_CONVERSION = YES;
				GCC_WARN_ABOUT_RETURN_TYPE = YES_ERROR;
				GCC_WARN_UNDECLARED_SELECTOR = YES;
				GCC_WARN_UNINITIALIZED_AUTOS = YES_AGGRESSIVE;
				GCC_WARN_UNUSED_FUNCTION = YES;
				GCC_WARN_UNUSED_VARIABLE = YES;
				IPHONEOS_DEPLOYMENT_TARGET = 11.1;
				MTL_ENABLE_DEBUG_INFO = YES;
				ONLY_ACTIVE_ARCH = YES;
				SDKROOT = iphoneos;
			};
			name = Debug;
		};
		9C9905A7205A194800D7CF3A /* Release */ = {
			isa = XCBuildConfiguration;
			buildSettings = {
				ALWAYS_SEARCH_USER_PATHS = NO;
				CLANG_ANALYZER_NONNULL = YES;
				CLANG_ANALYZER_NUMBER_OBJECT_CONVERSION = YES_AGGRESSIVE;
				CLANG_CXX_LANGUAGE_STANDARD = "gnu++14";
				CLANG_CXX_LIBRARY = "libc++";
				CLANG_ENABLE_MODULES = YES;
				CLANG_ENABLE_OBJC_ARC = YES;
				CLANG_WARN_BLOCK_CAPTURE_AUTORELEASING = YES;
				CLANG_WARN_BOOL_CONVERSION = YES;
				CLANG_WARN_COMMA = YES;
				CLANG_WARN_CONSTANT_CONVERSION = YES;
				CLANG_WARN_DIRECT_OBJC_ISA_USAGE = YES_ERROR;
				CLANG_WARN_DOCUMENTATION_COMMENTS = YES;
				CLANG_WARN_EMPTY_BODY = YES;
				CLANG_WARN_ENUM_CONVERSION = YES;
				CLANG_WARN_INFINITE_RECURSION = YES;
				CLANG_WARN_INT_CONVERSION = YES;
				CLANG_WARN_NON_LITERAL_NULL_CONVERSION = YES;
				CLANG_WARN_OBJC_LITERAL_CONVERSION = YES;
				CLANG_WARN_OBJC_ROOT_CLASS = YES_ERROR;
				CLANG_WARN_RANGE_LOOP_ANALYSIS = YES;
				CLANG_WARN_STRICT_PROTOTYPES = YES;
				CLANG_WARN_SUSPICIOUS_MOVE = YES;
				CLANG_WARN_UNGUARDED_AVAILABILITY = YES_AGGRESSIVE;
				CLANG_WARN_UNREACHABLE_CODE = YES;
				CLANG_WARN__DUPLICATE_METHOD_MATCH = YES;
				CODE_SIGN_IDENTITY = "iPhone Developer";
				COPY_PHASE_STRIP = NO;
				DEBUG_INFORMATION_FORMAT = "dwarf-with-dsym";
				ENABLE_NS_ASSERTIONS = NO;
				ENABLE_STRICT_OBJC_MSGSEND = YES;
				GCC_C_LANGUAGE_STANDARD = gnu11;
				GCC_NO_COMMON_BLOCKS = YES;
				GCC_WARN_64_TO_32_BIT_CONVERSION = YES;
				GCC_WARN_ABOUT_RETURN_TYPE = YES_ERROR;
				GCC_WARN_UNDECLARED_SELECTOR = YES;
				GCC_WARN_UNINITIALIZED_AUTOS = YES_AGGRESSIVE;
				GCC_WARN_UNUSED_FUNCTION = YES;
				GCC_WARN_UNUSED_VARIABLE = YES;
				IPHONEOS_DEPLOYMENT_TARGET = 11.1;
				MTL_ENABLE_DEBUG_INFO = NO;
				SDKROOT = iphoneos;
				VALIDATE_PRODUCT = YES;
			};
			name = Release;
		};
		9C9905A9205A194800D7CF3A /* Debug */ = {
			isa = XCBuildConfiguration;
			buildSettings = {
				ASSETCATALOG_COMPILER_APPICON_NAME = AppIcon;
				CODE_SIGN_STYLE = Automatic;
				DEVELOPMENT_TEAM = 79WDBYQ4TC;
				INFOPLIST_FILE = KTVVideoProcessDemo/Info.plist;
				LD_RUNPATH_SEARCH_PATHS = "$(inherited) @executable_path/Frameworks";
				PRODUCT_BUNDLE_IDENTIFIER = com.libobjc..KTVVideoProcessDemo;
				PRODUCT_NAME = "$(TARGET_NAME)";
				TARGETED_DEVICE_FAMILY = "1,2";
			};
			name = Debug;
		};
		9C9905AA205A194800D7CF3A /* Release */ = {
			isa = XCBuildConfiguration;
			buildSettings = {
				ASSETCATALOG_COMPILER_APPICON_NAME = AppIcon;
				CODE_SIGN_STYLE = Automatic;
				DEVELOPMENT_TEAM = 79WDBYQ4TC;
				INFOPLIST_FILE = KTVVideoProcessDemo/Info.plist;
				LD_RUNPATH_SEARCH_PATHS = "$(inherited) @executable_path/Frameworks";
				PRODUCT_BUNDLE_IDENTIFIER = com.libobjc..KTVVideoProcessDemo;
				PRODUCT_NAME = "$(TARGET_NAME)";
				TARGETED_DEVICE_FAMILY = "1,2";
			};
			name = Release;
		};
/* End XCBuildConfiguration section */

/* Begin XCConfigurationList section */
		9C99058D205A194800D7CF3A /* Build configuration list for PBXProject "KTVVideoProcessDemo" */ = {
			isa = XCConfigurationList;
			buildConfigurations = (
				9C9905A6205A194800D7CF3A /* Debug */,
				9C9905A7205A194800D7CF3A /* Release */,
			);
			defaultConfigurationIsVisible = 0;
			defaultConfigurationName = Release;
		};
		9C9905A8205A194800D7CF3A /* Build configuration list for PBXNativeTarget "KTVVideoProcessDemo" */ = {
			isa = XCConfigurationList;
			buildConfigurations = (
				9C9905A9205A194800D7CF3A /* Debug */,
				9C9905AA205A194800D7CF3A /* Release */,
			);
			defaultConfigurationIsVisible = 0;
			defaultConfigurationName = Release;
		};
/* End XCConfigurationList section */
	};
	rootObject = 9C99058A205A194800D7CF3A /* Project object */;
}
