// !$*UTF8*$!
{
	archiveVersion = 1;
	classes = {
	};
	objectVersion = 48;
	objects = {

/* Begin PBXBuildFile section */
		9C22E4AD2093870F009E3687 /* filters.bundle in Resources */ = {isa = PBXBuildFile; fileRef = 9C22E4AC2093870E009E3687 /* filters.bundle */; };
		9C22E4B020938A2A009E3687 /* SenseTimeFilterViewController.m in Sources */ = {isa = PBXBuildFile; fileRef = 9C22E4AF20938A2A009E3687 /* SenseTimeFilterViewController.m */; };
		9C2714842093330700052130 /* KTVVPAudioSampleBuffer.m in Sources */ = {isa = PBXBuildFile; fileRef = 9C2714832093330700052130 /* KTVVPAudioSampleBuffer.m */; };
		9C2714AC2093697700052130 /* libz.tbd in Frameworks */ = {isa = PBXBuildFile; fileRef = 9C2714AB2093696F00052130 /* libz.tbd */; };
		9C2714F7209376C800052130 /* KTVVPBlackWhiteFilter.m in Sources */ = {isa = PBXBuildFile; fileRef = 9C2714CE209376C800052130 /* KTVVPBlackWhiteFilter.m */; };
		9C2714F8209376C800052130 /* KTVVPChartletBundle.m in Sources */ = {isa = PBXBuildFile; fileRef = 9C2714D0209376C800052130 /* KTVVPChartletBundle.m */; };
		9C2714F9209376C800052130 /* KTVVPChartletFilter.m in Sources */ = {isa = PBXBuildFile; fileRef = 9C2714D2209376C800052130 /* KTVVPChartletFilter.m */; };
		9C2714FA209376C800052130 /* KTVVPChartletItem.m in Sources */ = {isa = PBXBuildFile; fileRef = 9C2714D4209376C800052130 /* KTVVPChartletItem.m */; };
		9C2714FB209376C800052130 /* KTVVPEffectFilter.m in Sources */ = {isa = PBXBuildFile; fileRef = 9C2714D6209376C800052130 /* KTVVPEffectFilter.m */; };
		9C2714FC209376C800052130 /* KTVVPFaceAction.m in Sources */ = {isa = PBXBuildFile; fileRef = 9C2714D8209376C800052130 /* KTVVPFaceAction.m */; };
		9C2714FD209376C800052130 /* KTVVPHumanAction.m in Sources */ = {isa = PBXBuildFile; fileRef = 9C2714DA209376C800052130 /* KTVVPHumanAction.m */; };
		9C2714FE209376C800052130 /* KTVVPRadialFilter.m in Sources */ = {isa = PBXBuildFile; fileRef = 9C2714DC209376C800052130 /* KTVVPRadialFilter.m */; };
		9C2714FF209376C800052130 /* KTVVPSenseTimeChecker.mm in Sources */ = {isa = PBXBuildFile; fileRef = 9C2714DE209376C800052130 /* KTVVPSenseTimeChecker.mm */; };
		9C271500209376C800052130 /* KTVVPSenseTimeFilter.m in Sources */ = {isa = PBXBuildFile; fileRef = 9C2714E0209376C800052130 /* KTVVPSenseTimeFilter.m */; };
		9C271501209376C800052130 /* KTVVPToneCurveEffect.m in Sources */ = {isa = PBXBuildFile; fileRef = 9C2714E2209376C800052130 /* KTVVPToneCurveEffect.m */; };
		9C271502209376C800052130 /* KTVVPToneCurveFilter.m in Sources */ = {isa = PBXBuildFile; fileRef = 9C2714E4209376C800052130 /* KTVVPToneCurveFilter.m */; };
		9C271503209376C800052130 /* KTVVPToneCurveProgram.m in Sources */ = {isa = PBXBuildFile; fileRef = 9C2714E6209376C800052130 /* KTVVPToneCurveProgram.m */; };
		9C271504209376C800052130 /* BlueCrystal.acv in Resources */ = {isa = PBXBuildFile; fileRef = 9C2714E8209376C800052130 /* BlueCrystal.acv */; };
		9C271505209376C800052130 /* Chartlet.bundle in Resources */ = {isa = PBXBuildFile; fileRef = 9C2714E9209376C800052130 /* Chartlet.bundle */; };
		9C271506209376C800052130 /* Cool.acv in Resources */ = {isa = PBXBuildFile; fileRef = 9C2714EA209376C800052130 /* Cool.acv */; };
		9C271507209376C800052130 /* Grace.acv in Resources */ = {isa = PBXBuildFile; fileRef = 9C2714EB209376C800052130 /* Grace.acv */; };
		9C271508209376C800052130 /* Japanese.acv in Resources */ = {isa = PBXBuildFile; fileRef = 9C2714EC209376C800052130 /* Japanese.acv */; };
		9C271509209376C800052130 /* LakeWater.acv in Resources */ = {isa = PBXBuildFile; fileRef = 9C2714ED209376C800052130 /* LakeWater.acv */; };
		9C2E3BF22089941800BC1F34 /* KTVVPFrameGLTexture.m in Sources */ = {isa = PBXBuildFile; fileRef = 9C2E3BF12089941800BC1F34 /* KTVVPFrameGLTexture.m */; };
		9C3470F22065174F00A66180 /* KTVVPSerialPipeline.m in Sources */ = {isa = PBXBuildFile; fileRef = 9C3470F12065174F00A66180 /* KTVVPSerialPipeline.m */; };
		9C36BC26208055D700916196 /* KTVVPFrameLayout.m in Sources */ = {isa = PBXBuildFile; fileRef = 9C36BC25208055D700916196 /* KTVVPFrameLayout.m */; };
		9C3E5C772060B6A200F30377 /* KTVVPFrameCMSmapleBuffer.m in Sources */ = {isa = PBXBuildFile; fileRef = 9C3E5C762060B6A200F30377 /* KTVVPFrameCMSmapleBuffer.m */; };
		9C3E5C7A2060C9A200F30377 /* KTVVPFrameDrawable.m in Sources */ = {isa = PBXBuildFile; fileRef = 9C3E5C792060C9A200F30377 /* KTVVPFrameDrawable.m */; };
		9C3E5CFD2062129200F30377 /* KTVVPFrameWriter.m in Sources */ = {isa = PBXBuildFile; fileRef = 9C3E5CFC2062129200F30377 /* KTVVPFrameWriter.m */; };
		9C544F4F206B336D008B2768 /* KTVVPTimeComponents.m in Sources */ = {isa = PBXBuildFile; fileRef = 9C544F4E206B336D008B2768 /* KTVVPTimeComponents.m */; };
		9C544F54206C91A7008B2768 /* EAGLContext+KTVVPExtension.m in Sources */ = {isa = PBXBuildFile; fileRef = 9C544F53206C91A7008B2768 /* EAGLContext+KTVVPExtension.m */; };
		9C5F2CC12071CA4E00FA0657 /* KTVVPDefines.m in Sources */ = {isa = PBXBuildFile; fileRef = 9C5F2CC02071CA4D00FA0657 /* KTVVPDefines.m */; };
		9C61192B205F58760040B277 /* KTVVPFilter.m in Sources */ = {isa = PBXBuildFile; fileRef = 9C61192A205F58760040B277 /* KTVVPFilter.m */; };
		9C611932205F8E120040B277 /* KTVVPThroughFilter.m in Sources */ = {isa = PBXBuildFile; fileRef = 9C611931205F8E120040B277 /* KTVVPThroughFilter.m */; };
		9C622C2320688D4500E7C630 /* KTVVPSource.m in Sources */ = {isa = PBXBuildFile; fileRef = 9C622C2220688D4500E7C630 /* KTVVPSource.m */; };
		9C622C2520688E0D00E7C630 /* KTVVPPipeline.m in Sources */ = {isa = PBXBuildFile; fileRef = 9C622C2420688E0D00E7C630 /* KTVVPPipeline.m */; };
		9C622C312068C8BE00E7C630 /* KTVVPConcurrentPipeline.m in Sources */ = {isa = PBXBuildFile; fileRef = 9C622C302068C8BE00E7C630 /* KTVVPConcurrentPipeline.m */; };
		9C68D26120937BBA0035F0B8 /* action.model in Resources */ = {isa = PBXBuildFile; fileRef = 9C68D24F20937BBA0035F0B8 /* action.model */; };
		9C68D26820937BBA0035F0B8 /* libst_mobile.a in Frameworks */ = {isa = PBXBuildFile; fileRef = 9C68D25620937BBA0035F0B8 /* libst_mobile.a */; };
		9C68D26920937BBA0035F0B8 /* SENSEME.lic in Resources */ = {isa = PBXBuildFile; fileRef = 9C68D25720937BBA0035F0B8 /* SENSEME.lic */; };
		9C990597205A194800D7CF3A /* AppDelegate.m in Sources */ = {isa = PBXBuildFile; fileRef = 9C990596205A194800D7CF3A /* AppDelegate.m */; };
		9C99059A205A194800D7CF3A /* ViewController.m in Sources */ = {isa = PBXBuildFile; fileRef = 9C990599205A194800D7CF3A /* ViewController.m */; };
		9C99059D205A194800D7CF3A /* Main.storyboard in Resources */ = {isa = PBXBuildFile; fileRef = 9C99059B205A194800D7CF3A /* Main.storyboard */; };
		9C99059F205A194800D7CF3A /* Assets.xcassets in Resources */ = {isa = PBXBuildFile; fileRef = 9C99059E205A194800D7CF3A /* Assets.xcassets */; };
		9C9905A2205A194800D7CF3A /* LaunchScreen.storyboard in Resources */ = {isa = PBXBuildFile; fileRef = 9C9905A0205A194800D7CF3A /* LaunchScreen.storyboard */; };
		9C9905A5205A194800D7CF3A /* main.m in Sources */ = {isa = PBXBuildFile; fileRef = 9C9905A4205A194800D7CF3A /* main.m */; };
		9C9905B2205A1A2600D7CF3A /* KTVVPVideoCamera.m in Sources */ = {isa = PBXBuildFile; fileRef = 9C9905B1205A1A2600D7CF3A /* KTVVPVideoCamera.m */; };
		9C9905B9205A1DF900D7CF3A /* KTVVPFrame.m in Sources */ = {isa = PBXBuildFile; fileRef = 9C9905B8205A1DF900D7CF3A /* KTVVPFrame.m */; };
		9C9905BC205A1E1800D7CF3A /* KTVVPFramePool.m in Sources */ = {isa = PBXBuildFile; fileRef = 9C9905BB205A1E1800D7CF3A /* KTVVPFramePool.m */; };
		9C9905BF205A211A00D7CF3A /* KTVVPFrameView.m in Sources */ = {isa = PBXBuildFile; fileRef = 9C9905BE205A211A00D7CF3A /* KTVVPFrameView.m */; };
		9C9905C8205A4C5E00D7CF3A /* KTVVPMessageLoop.m in Sources */ = {isa = PBXBuildFile; fileRef = 9C9905C7205A4C5E00D7CF3A /* KTVVPMessageLoop.m */; };
		9C9905CB205A4D3300D7CF3A /* KTVVPMessage.m in Sources */ = {isa = PBXBuildFile; fileRef = 9C9905CA205A4D3300D7CF3A /* KTVVPMessage.m */; };
		9C9905CF205A4D8600D7CF3A /* KTVVPObjectQueue.m in Sources */ = {isa = PBXBuildFile; fileRef = 9C9905CE205A4D8600D7CF3A /* KTVVPObjectQueue.m */; };
		9C9905D4205A627F00D7CF3A /* KTVVPGLProgram.m in Sources */ = {isa = PBXBuildFile; fileRef = 9C9905D3205A627F00D7CF3A /* KTVVPGLProgram.m */; };
		9C9905D7205A6A5F00D7CF3A /* KTVVPGLModel.m in Sources */ = {isa = PBXBuildFile; fileRef = 9C9905D6205A6A5F00D7CF3A /* KTVVPGLModel.m */; };
		9C9905DA205A6B1000D7CF3A /* KTVVPGLPlaneModel.m in Sources */ = {isa = PBXBuildFile; fileRef = 9C9905D9205A6B1000D7CF3A /* KTVVPGLPlaneModel.m */; };
		9CC08E51205B6D0300F15D88 /* KTVVPFrameUploader.m in Sources */ = {isa = PBXBuildFile; fileRef = 9CC08E50205B6D0300F15D88 /* KTVVPFrameUploader.m */; };
		9CC08E57205B88F000F15D88 /* KTVVPContext.m in Sources */ = {isa = PBXBuildFile; fileRef = 9CC08E56205B88F000F15D88 /* KTVVPContext.m */; };
		9CD4D502207B46D1002CDBD8 /* KTVVPGLStandardProgram.m in Sources */ = {isa = PBXBuildFile; fileRef = 9CD4D501207B46D1002CDBD8 /* KTVVPGLStandardProgram.m */; };
		9CD4D50E207B629E002CDBD8 /* KTVVPTransformFilter.m in Sources */ = {isa = PBXBuildFile; fileRef = 9CD4D50D207B629E002CDBD8 /* KTVVPTransformFilter.m */; };
		9CD7C5CA207C9C15006605BC /* KTVVPGLImageTexture.m in Sources */ = {isa = PBXBuildFile; fileRef = 9CD7C5C9207C9C15006605BC /* KTVVPGLImageTexture.m */; };
/* End PBXBuildFile section */

/* Begin PBXFileReference section */
		9C22E4AC2093870E009E3687 /* filters.bundle */ = {isa = PBXFileReference; lastKnownFileType = "wrapper.plug-in"; path = filters.bundle; sourceTree = "<group>"; };
		9C22E4AE20938A2A009E3687 /* SenseTimeFilterViewController.h */ = {isa = PBXFileReference; lastKnownFileType = sourcecode.c.h; path = SenseTimeFilterViewController.h; sourceTree = "<group>"; };
		9C22E4AF20938A2A009E3687 /* SenseTimeFilterViewController.m */ = {isa = PBXFileReference; lastKnownFileType = sourcecode.c.objc; path = SenseTimeFilterViewController.m; sourceTree = "<group>"; };
		9C2714812093232C00052130 /* KTVVPAudioInput.h */ = {isa = PBXFileReference; lastKnownFileType = sourcecode.c.h; path = KTVVPAudioInput.h; sourceTree = "<group>"; };
		9C2714822093330700052130 /* KTVVPAudioSampleBuffer.h */ = {isa = PBXFileReference; lastKnownFileType = sourcecode.c.h; path = KTVVPAudioSampleBuffer.h; sourceTree = "<group>"; };
		9C2714832093330700052130 /* KTVVPAudioSampleBuffer.m */ = {isa = PBXFileReference; lastKnownFileType = sourcecode.c.objc; path = KTVVPAudioSampleBuffer.m; sourceTree = "<group>"; };
		9C2714AB2093696F00052130 /* libz.tbd */ = {isa = PBXFileReference; lastKnownFileType = "sourcecode.text-based-dylib-definition"; name = libz.tbd; path = usr/lib/libz.tbd; sourceTree = SDKROOT; };
		9C2714CD209376C800052130 /* KTVVPBlackWhiteFilter.h */ = {isa = PBXFileReference; fileEncoding = 4; lastKnownFileType = sourcecode.c.h; path = KTVVPBlackWhiteFilter.h; sourceTree = "<group>"; };
		9C2714CE209376C800052130 /* KTVVPBlackWhiteFilter.m */ = {isa = PBXFileReference; fileEncoding = 4; lastKnownFileType = sourcecode.c.objc; path = KTVVPBlackWhiteFilter.m; sourceTree = "<group>"; };
		9C2714CF209376C800052130 /* KTVVPChartletBundle.h */ = {isa = PBXFileReference; fileEncoding = 4; lastKnownFileType = sourcecode.c.h; path = KTVVPChartletBundle.h; sourceTree = "<group>"; };
		9C2714D0209376C800052130 /* KTVVPChartletBundle.m */ = {isa = PBXFileReference; fileEncoding = 4; lastKnownFileType = sourcecode.c.objc; path = KTVVPChartletBundle.m; sourceTree = "<group>"; };
		9C2714D1209376C800052130 /* KTVVPChartletFilter.h */ = {isa = PBXFileReference; fileEncoding = 4; lastKnownFileType = sourcecode.c.h; path = KTVVPChartletFilter.h; sourceTree = "<group>"; };
		9C2714D2209376C800052130 /* KTVVPChartletFilter.m */ = {isa = PBXFileReference; fileEncoding = 4; lastKnownFileType = sourcecode.c.objc; path = KTVVPChartletFilter.m; sourceTree = "<group>"; };
		9C2714D3209376C800052130 /* KTVVPChartletItem.h */ = {isa = PBXFileReference; fileEncoding = 4; lastKnownFileType = sourcecode.c.h; path = KTVVPChartletItem.h; sourceTree = "<group>"; };
		9C2714D4209376C800052130 /* KTVVPChartletItem.m */ = {isa = PBXFileReference; fileEncoding = 4; lastKnownFileType = sourcecode.c.objc; path = KTVVPChartletItem.m; sourceTree = "<group>"; };
		9C2714D5209376C800052130 /* KTVVPEffectFilter.h */ = {isa = PBXFileReference; fileEncoding = 4; lastKnownFileType = sourcecode.c.h; path = KTVVPEffectFilter.h; sourceTree = "<group>"; };
		9C2714D6209376C800052130 /* KTVVPEffectFilter.m */ = {isa = PBXFileReference; fileEncoding = 4; lastKnownFileType = sourcecode.c.objc; path = KTVVPEffectFilter.m; sourceTree = "<group>"; };
		9C2714D7209376C800052130 /* KTVVPFaceAction.h */ = {isa = PBXFileReference; fileEncoding = 4; lastKnownFileType = sourcecode.c.h; path = KTVVPFaceAction.h; sourceTree = "<group>"; };
		9C2714D8209376C800052130 /* KTVVPFaceAction.m */ = {isa = PBXFileReference; fileEncoding = 4; lastKnownFileType = sourcecode.c.objc; path = KTVVPFaceAction.m; sourceTree = "<group>"; };
		9C2714D9209376C800052130 /* KTVVPHumanAction.h */ = {isa = PBXFileReference; fileEncoding = 4; lastKnownFileType = sourcecode.c.h; path = KTVVPHumanAction.h; sourceTree = "<group>"; };
		9C2714DA209376C800052130 /* KTVVPHumanAction.m */ = {isa = PBXFileReference; fileEncoding = 4; lastKnownFileType = sourcecode.c.objc; path = KTVVPHumanAction.m; sourceTree = "<group>"; };
		9C2714DB209376C800052130 /* KTVVPRadialFilter.h */ = {isa = PBXFileReference; fileEncoding = 4; lastKnownFileType = sourcecode.c.h; path = KTVVPRadialFilter.h; sourceTree = "<group>"; };
		9C2714DC209376C800052130 /* KTVVPRadialFilter.m */ = {isa = PBXFileReference; fileEncoding = 4; lastKnownFileType = sourcecode.c.objc; path = KTVVPRadialFilter.m; sourceTree = "<group>"; };
		9C2714DD209376C800052130 /* KTVVPSenseTimeChecker.h */ = {isa = PBXFileReference; fileEncoding = 4; lastKnownFileType = sourcecode.c.h; path = KTVVPSenseTimeChecker.h; sourceTree = "<group>"; };
		9C2714DE209376C800052130 /* KTVVPSenseTimeChecker.mm */ = {isa = PBXFileReference; fileEncoding = 4; lastKnownFileType = sourcecode.cpp.objcpp; path = KTVVPSenseTimeChecker.mm; sourceTree = "<group>"; };
		9C2714DF209376C800052130 /* KTVVPSenseTimeFilter.h */ = {isa = PBXFileReference; fileEncoding = 4; lastKnownFileType = sourcecode.c.h; path = KTVVPSenseTimeFilter.h; sourceTree = "<group>"; };
		9C2714E0209376C800052130 /* KTVVPSenseTimeFilter.m */ = {isa = PBXFileReference; fileEncoding = 4; lastKnownFileType = sourcecode.c.objc; path = KTVVPSenseTimeFilter.m; sourceTree = "<group>"; };
		9C2714E1209376C800052130 /* KTVVPToneCurveEffect.h */ = {isa = PBXFileReference; fileEncoding = 4; lastKnownFileType = sourcecode.c.h; path = KTVVPToneCurveEffect.h; sourceTree = "<group>"; };
		9C2714E2209376C800052130 /* KTVVPToneCurveEffect.m */ = {isa = PBXFileReference; fileEncoding = 4; lastKnownFileType = sourcecode.c.objc; path = KTVVPToneCurveEffect.m; sourceTree = "<group>"; };
		9C2714E3209376C800052130 /* KTVVPToneCurveFilter.h */ = {isa = PBXFileReference; fileEncoding = 4; lastKnownFileType = sourcecode.c.h; path = KTVVPToneCurveFilter.h; sourceTree = "<group>"; };
		9C2714E4209376C800052130 /* KTVVPToneCurveFilter.m */ = {isa = PBXFileReference; fileEncoding = 4; lastKnownFileType = sourcecode.c.objc; path = KTVVPToneCurveFilter.m; sourceTree = "<group>"; };
		9C2714E5209376C800052130 /* KTVVPToneCurveProgram.h */ = {isa = PBXFileReference; fileEncoding = 4; lastKnownFileType = sourcecode.c.h; path = KTVVPToneCurveProgram.h; sourceTree = "<group>"; };
		9C2714E6209376C800052130 /* KTVVPToneCurveProgram.m */ = {isa = PBXFileReference; fileEncoding = 4; lastKnownFileType = sourcecode.c.objc; path = KTVVPToneCurveProgram.m; sourceTree = "<group>"; };
		9C2714E8209376C800052130 /* BlueCrystal.acv */ = {isa = PBXFileReference; lastKnownFileType = file; path = BlueCrystal.acv; sourceTree = "<group>"; };
		9C2714E9209376C800052130 /* Chartlet.bundle */ = {isa = PBXFileReference; lastKnownFileType = "wrapper.plug-in"; path = Chartlet.bundle; sourceTree = "<group>"; };
		9C2714EA209376C800052130 /* Cool.acv */ = {isa = PBXFileReference; lastKnownFileType = file; path = Cool.acv; sourceTree = "<group>"; };
		9C2714EB209376C800052130 /* Grace.acv */ = {isa = PBXFileReference; lastKnownFileType = file; path = Grace.acv; sourceTree = "<group>"; };
		9C2714EC209376C800052130 /* Japanese.acv */ = {isa = PBXFileReference; lastKnownFileType = file; path = Japanese.acv; sourceTree = "<group>"; };
		9C2714ED209376C800052130 /* LakeWater.acv */ = {isa = PBXFileReference; lastKnownFileType = file; path = LakeWater.acv; sourceTree = "<group>"; };
		9C2E3BF02089941700BC1F34 /* KTVVPFrameGLTexture.h */ = {isa = PBXFileReference; fileEncoding = 4; lastKnownFileType = sourcecode.c.h; path = KTVVPFrameGLTexture.h; sourceTree = "<group>"; };
		9C2E3BF12089941800BC1F34 /* KTVVPFrameGLTexture.m */ = {isa = PBXFileReference; fileEncoding = 4; lastKnownFileType = sourcecode.c.objc; path = KTVVPFrameGLTexture.m; sourceTree = "<group>"; };
		9C3470EE206514BB00A66180 /* KTVVPSource.h */ = {isa = PBXFileReference; lastKnownFileType = sourcecode.c.h; path = KTVVPSource.h; sourceTree = "<group>"; };
		9C3470EF206515BC00A66180 /* KTVVPPipeline.h */ = {isa = PBXFileReference; lastKnownFileType = sourcecode.c.h; path = KTVVPPipeline.h; sourceTree = "<group>"; };
		9C3470F02065174F00A66180 /* KTVVPSerialPipeline.h */ = {isa = PBXFileReference; lastKnownFileType = sourcecode.c.h; path = KTVVPSerialPipeline.h; sourceTree = "<group>"; };
		9C3470F12065174F00A66180 /* KTVVPSerialPipeline.m */ = {isa = PBXFileReference; lastKnownFileType = sourcecode.c.objc; path = KTVVPSerialPipeline.m; sourceTree = "<group>"; };
		9C36BC24208055D700916196 /* KTVVPFrameLayout.h */ = {isa = PBXFileReference; lastKnownFileType = sourcecode.c.h; path = KTVVPFrameLayout.h; sourceTree = "<group>"; };
		9C36BC25208055D700916196 /* KTVVPFrameLayout.m */ = {isa = PBXFileReference; lastKnownFileType = sourcecode.c.objc; path = KTVVPFrameLayout.m; sourceTree = "<group>"; };
		9C3E5C752060B6A200F30377 /* KTVVPFrameCMSmapleBuffer.h */ = {isa = PBXFileReference; lastKnownFileType = sourcecode.c.h; path = KTVVPFrameCMSmapleBuffer.h; sourceTree = "<group>"; };
		9C3E5C762060B6A200F30377 /* KTVVPFrameCMSmapleBuffer.m */ = {isa = PBXFileReference; lastKnownFileType = sourcecode.c.objc; path = KTVVPFrameCMSmapleBuffer.m; sourceTree = "<group>"; };
		9C3E5C782060C9A200F30377 /* KTVVPFrameDrawable.h */ = {isa = PBXFileReference; lastKnownFileType = sourcecode.c.h; path = KTVVPFrameDrawable.h; sourceTree = "<group>"; };
		9C3E5C792060C9A200F30377 /* KTVVPFrameDrawable.m */ = {isa = PBXFileReference; lastKnownFileType = sourcecode.c.objc; path = KTVVPFrameDrawable.m; sourceTree = "<group>"; };
		9C3E5CFA206208F800F30377 /* KTVVPDefines.h */ = {isa = PBXFileReference; lastKnownFileType = sourcecode.c.h; path = KTVVPDefines.h; sourceTree = "<group>"; };
		9C3E5CFB2062129200F30377 /* KTVVPFrameWriter.h */ = {isa = PBXFileReference; lastKnownFileType = sourcecode.c.h; path = KTVVPFrameWriter.h; sourceTree = "<group>"; };
		9C3E5CFC2062129200F30377 /* KTVVPFrameWriter.m */ = {isa = PBXFileReference; lastKnownFileType = sourcecode.c.objc; path = KTVVPFrameWriter.m; sourceTree = "<group>"; };
		9C544F4D206B336D008B2768 /* KTVVPTimeComponents.h */ = {isa = PBXFileReference; lastKnownFileType = sourcecode.c.h; path = KTVVPTimeComponents.h; sourceTree = "<group>"; };
		9C544F4E206B336D008B2768 /* KTVVPTimeComponents.m */ = {isa = PBXFileReference; lastKnownFileType = sourcecode.c.objc; path = KTVVPTimeComponents.m; sourceTree = "<group>"; };
		9C544F52206C91A7008B2768 /* EAGLContext+KTVVPExtension.h */ = {isa = PBXFileReference; lastKnownFileType = sourcecode.c.h; path = "EAGLContext+KTVVPExtension.h"; sourceTree = "<group>"; };
		9C544F53206C91A7008B2768 /* EAGLContext+KTVVPExtension.m */ = {isa = PBXFileReference; lastKnownFileType = sourcecode.c.objc; path = "EAGLContext+KTVVPExtension.m"; sourceTree = "<group>"; };
		9C5F2CC02071CA4D00FA0657 /* KTVVPDefines.m */ = {isa = PBXFileReference; fileEncoding = 4; lastKnownFileType = sourcecode.c.objc; path = KTVVPDefines.m; sourceTree = "<group>"; };
		9C611929205F58760040B277 /* KTVVPFilter.h */ = {isa = PBXFileReference; lastKnownFileType = sourcecode.c.h; path = KTVVPFilter.h; sourceTree = "<group>"; };
		9C61192A205F58760040B277 /* KTVVPFilter.m */ = {isa = PBXFileReference; lastKnownFileType = sourcecode.c.objc; path = KTVVPFilter.m; sourceTree = "<group>"; };
		9C611930205F8E120040B277 /* KTVVPThroughFilter.h */ = {isa = PBXFileReference; lastKnownFileType = sourcecode.c.h; path = KTVVPThroughFilter.h; sourceTree = "<group>"; };
		9C611931205F8E120040B277 /* KTVVPThroughFilter.m */ = {isa = PBXFileReference; lastKnownFileType = sourcecode.c.objc; path = KTVVPThroughFilter.m; sourceTree = "<group>"; };
		9C622C2220688D4500E7C630 /* KTVVPSource.m */ = {isa = PBXFileReference; lastKnownFileType = sourcecode.c.objc; path = KTVVPSource.m; sourceTree = "<group>"; };
		9C622C2420688E0D00E7C630 /* KTVVPPipeline.m */ = {isa = PBXFileReference; lastKnownFileType = sourcecode.c.objc; path = KTVVPPipeline.m; sourceTree = "<group>"; };
		9C622C2A206894FF00E7C630 /* KTVVPPipelinePrivate.h */ = {isa = PBXFileReference; lastKnownFileType = sourcecode.c.h; path = KTVVPPipelinePrivate.h; sourceTree = "<group>"; };
		9C622C2C2068A8EF00E7C630 /* KTVVPFrameInput.h */ = {isa = PBXFileReference; lastKnownFileType = sourcecode.c.h; path = KTVVPFrameInput.h; sourceTree = "<group>"; };
		9C622C2F2068C8BE00E7C630 /* KTVVPConcurrentPipeline.h */ = {isa = PBXFileReference; lastKnownFileType = sourcecode.c.h; path = KTVVPConcurrentPipeline.h; sourceTree = "<group>"; };
		9C622C302068C8BE00E7C630 /* KTVVPConcurrentPipeline.m */ = {isa = PBXFileReference; lastKnownFileType = sourcecode.c.objc; path = KTVVPConcurrentPipeline.m; sourceTree = "<group>"; };
		9C68D24F20937BBA0035F0B8 /* action.model */ = {isa = PBXFileReference; lastKnownFileType = file; path = action.model; sourceTree = "<group>"; };
		9C68D25620937BBA0035F0B8 /* libst_mobile.a */ = {isa = PBXFileReference; lastKnownFileType = archive.ar; path = libst_mobile.a; sourceTree = "<group>"; };
		9C68D25720937BBA0035F0B8 /* SENSEME.lic */ = {isa = PBXFileReference; fileEncoding = 4; lastKnownFileType = text; path = SENSEME.lic; sourceTree = "<group>"; };
		9C68D25820937BBA0035F0B8 /* st_mobile_beautify.h */ = {isa = PBXFileReference; fileEncoding = 4; lastKnownFileType = sourcecode.c.h; path = st_mobile_beautify.h; sourceTree = "<group>"; };
		9C68D25920937BBA0035F0B8 /* st_mobile_common.h */ = {isa = PBXFileReference; fileEncoding = 4; lastKnownFileType = sourcecode.c.h; path = st_mobile_common.h; sourceTree = "<group>"; };
		9C68D25A20937BBA0035F0B8 /* st_mobile_face_attribute.h */ = {isa = PBXFileReference; fileEncoding = 4; lastKnownFileType = sourcecode.c.h; path = st_mobile_face_attribute.h; sourceTree = "<group>"; };
		9C68D25B20937BBA0035F0B8 /* st_mobile_filter.h */ = {isa = PBXFileReference; fileEncoding = 4; lastKnownFileType = sourcecode.c.h; path = st_mobile_filter.h; sourceTree = "<group>"; };
		9C68D25C20937BBA0035F0B8 /* st_mobile_human_action.h */ = {isa = PBXFileReference; fileEncoding = 4; lastKnownFileType = sourcecode.c.h; path = st_mobile_human_action.h; sourceTree = "<group>"; };
		9C68D25D20937BBA0035F0B8 /* st_mobile_license.h */ = {isa = PBXFileReference; fileEncoding = 4; lastKnownFileType = sourcecode.c.h; path = st_mobile_license.h; sourceTree = "<group>"; };
		9C68D25E20937BBA0035F0B8 /* st_mobile_object.h */ = {isa = PBXFileReference; fileEncoding = 4; lastKnownFileType = sourcecode.c.h; path = st_mobile_object.h; sourceTree = "<group>"; };
		9C68D25F20937BBA0035F0B8 /* st_mobile_sticker.h */ = {isa = PBXFileReference; fileEncoding = 4; lastKnownFileType = sourcecode.c.h; path = st_mobile_sticker.h; sourceTree = "<group>"; };
		9C68D26020937BBA0035F0B8 /* STMobileLog.h */ = {isa = PBXFileReference; fileEncoding = 4; lastKnownFileType = sourcecode.c.h; path = STMobileLog.h; sourceTree = "<group>"; };
		9C990592205A194800D7CF3A /* KTVVideoProcessDemo.app */ = {isa = PBXFileReference; explicitFileType = wrapper.application; includeInIndex = 0; path = KTVVideoProcessDemo.app; sourceTree = BUILT_PRODUCTS_DIR; };
		9C990595205A194800D7CF3A /* AppDelegate.h */ = {isa = PBXFileReference; lastKnownFileType = sourcecode.c.h; path = AppDelegate.h; sourceTree = "<group>"; };
		9C990596205A194800D7CF3A /* AppDelegate.m */ = {isa = PBXFileReference; lastKnownFileType = sourcecode.c.objc; path = AppDelegate.m; sourceTree = "<group>"; };
		9C990598205A194800D7CF3A /* ViewController.h */ = {isa = PBXFileReference; lastKnownFileType = sourcecode.c.h; path = ViewController.h; sourceTree = "<group>"; };
		9C990599205A194800D7CF3A /* ViewController.m */ = {isa = PBXFileReference; lastKnownFileType = sourcecode.c.objc; path = ViewController.m; sourceTree = "<group>"; };
		9C99059C205A194800D7CF3A /* Base */ = {isa = PBXFileReference; lastKnownFileType = file.storyboard; name = Base; path = Base.lproj/Main.storyboard; sourceTree = "<group>"; };
		9C99059E205A194800D7CF3A /* Assets.xcassets */ = {isa = PBXFileReference; lastKnownFileType = folder.assetcatalog; path = Assets.xcassets; sourceTree = "<group>"; };
		9C9905A1205A194800D7CF3A /* Base */ = {isa = PBXFileReference; lastKnownFileType = file.storyboard; name = Base; path = Base.lproj/LaunchScreen.storyboard; sourceTree = "<group>"; };
		9C9905A3205A194800D7CF3A /* Info.plist */ = {isa = PBXFileReference; lastKnownFileType = text.plist.xml; path = Info.plist; sourceTree = "<group>"; };
		9C9905A4205A194800D7CF3A /* main.m */ = {isa = PBXFileReference; lastKnownFileType = sourcecode.c.objc; path = main.m; sourceTree = "<group>"; };
		9C9905B0205A1A2600D7CF3A /* KTVVPVideoCamera.h */ = {isa = PBXFileReference; lastKnownFileType = sourcecode.c.h; path = KTVVPVideoCamera.h; sourceTree = "<group>"; };
		9C9905B1205A1A2600D7CF3A /* KTVVPVideoCamera.m */ = {isa = PBXFileReference; lastKnownFileType = sourcecode.c.objc; path = KTVVPVideoCamera.m; sourceTree = "<group>"; };
		9C9905B7205A1DF900D7CF3A /* KTVVPFrame.h */ = {isa = PBXFileReference; lastKnownFileType = sourcecode.c.h; path = KTVVPFrame.h; sourceTree = "<group>"; };
		9C9905B8205A1DF900D7CF3A /* KTVVPFrame.m */ = {isa = PBXFileReference; lastKnownFileType = sourcecode.c.objc; path = KTVVPFrame.m; sourceTree = "<group>"; };
		9C9905BA205A1E1800D7CF3A /* KTVVPFramePool.h */ = {isa = PBXFileReference; lastKnownFileType = sourcecode.c.h; path = KTVVPFramePool.h; sourceTree = "<group>"; };
		9C9905BB205A1E1800D7CF3A /* KTVVPFramePool.m */ = {isa = PBXFileReference; lastKnownFileType = sourcecode.c.objc; path = KTVVPFramePool.m; sourceTree = "<group>"; };
		9C9905BD205A211A00D7CF3A /* KTVVPFrameView.h */ = {isa = PBXFileReference; lastKnownFileType = sourcecode.c.h; path = KTVVPFrameView.h; sourceTree = "<group>"; };
		9C9905BE205A211A00D7CF3A /* KTVVPFrameView.m */ = {isa = PBXFileReference; lastKnownFileType = sourcecode.c.objc; path = KTVVPFrameView.m; sourceTree = "<group>"; };
		9C9905C6205A4C5E00D7CF3A /* KTVVPMessageLoop.h */ = {isa = PBXFileReference; lastKnownFileType = sourcecode.c.h; path = KTVVPMessageLoop.h; sourceTree = "<group>"; };
		9C9905C7205A4C5E00D7CF3A /* KTVVPMessageLoop.m */ = {isa = PBXFileReference; lastKnownFileType = sourcecode.c.objc; path = KTVVPMessageLoop.m; sourceTree = "<group>"; };
		9C9905C9205A4D3300D7CF3A /* KTVVPMessage.h */ = {isa = PBXFileReference; lastKnownFileType = sourcecode.c.h; path = KTVVPMessage.h; sourceTree = "<group>"; };
		9C9905CA205A4D3300D7CF3A /* KTVVPMessage.m */ = {isa = PBXFileReference; lastKnownFileType = sourcecode.c.objc; path = KTVVPMessage.m; sourceTree = "<group>"; };
		9C9905CD205A4D8600D7CF3A /* KTVVPObjectQueue.h */ = {isa = PBXFileReference; lastKnownFileType = sourcecode.c.h; path = KTVVPObjectQueue.h; sourceTree = "<group>"; };
		9C9905CE205A4D8600D7CF3A /* KTVVPObjectQueue.m */ = {isa = PBXFileReference; lastKnownFileType = sourcecode.c.objc; path = KTVVPObjectQueue.m; sourceTree = "<group>"; };
		9C9905D0205A54B100D7CF3A /* KTVVPGLDefines.h */ = {isa = PBXFileReference; lastKnownFileType = sourcecode.c.h; path = KTVVPGLDefines.h; sourceTree = "<group>"; };
		9C9905D2205A627F00D7CF3A /* KTVVPGLProgram.h */ = {isa = PBXFileReference; lastKnownFileType = sourcecode.c.h; path = KTVVPGLProgram.h; sourceTree = "<group>"; };
		9C9905D3205A627F00D7CF3A /* KTVVPGLProgram.m */ = {isa = PBXFileReference; lastKnownFileType = sourcecode.c.objc; path = KTVVPGLProgram.m; sourceTree = "<group>"; };
		9C9905D5205A6A5F00D7CF3A /* KTVVPGLModel.h */ = {isa = PBXFileReference; lastKnownFileType = sourcecode.c.h; path = KTVVPGLModel.h; sourceTree = "<group>"; };
		9C9905D6205A6A5F00D7CF3A /* KTVVPGLModel.m */ = {isa = PBXFileReference; lastKnownFileType = sourcecode.c.objc; path = KTVVPGLModel.m; sourceTree = "<group>"; };
		9C9905D8205A6B1000D7CF3A /* KTVVPGLPlaneModel.h */ = {isa = PBXFileReference; lastKnownFileType = sourcecode.c.h; path = KTVVPGLPlaneModel.h; sourceTree = "<group>"; };
		9C9905D9205A6B1000D7CF3A /* KTVVPGLPlaneModel.m */ = {isa = PBXFileReference; lastKnownFileType = sourcecode.c.objc; path = KTVVPGLPlaneModel.m; sourceTree = "<group>"; };
		9CC08E4F205B6D0300F15D88 /* KTVVPFrameUploader.h */ = {isa = PBXFileReference; lastKnownFileType = sourcecode.c.h; path = KTVVPFrameUploader.h; sourceTree = "<group>"; };
		9CC08E50205B6D0300F15D88 /* KTVVPFrameUploader.m */ = {isa = PBXFileReference; lastKnownFileType = sourcecode.c.objc; path = KTVVPFrameUploader.m; sourceTree = "<group>"; };
		9CC08E55205B88F000F15D88 /* KTVVPContext.h */ = {isa = PBXFileReference; lastKnownFileType = sourcecode.c.h; path = KTVVPContext.h; sourceTree = "<group>"; };
		9CC08E56205B88F000F15D88 /* KTVVPContext.m */ = {isa = PBXFileReference; lastKnownFileType = sourcecode.c.objc; path = KTVVPContext.m; sourceTree = "<group>"; };
		9CD4D500207B46D1002CDBD8 /* KTVVPGLStandardProgram.h */ = {isa = PBXFileReference; lastKnownFileType = sourcecode.c.h; path = KTVVPGLStandardProgram.h; sourceTree = "<group>"; };
		9CD4D501207B46D1002CDBD8 /* KTVVPGLStandardProgram.m */ = {isa = PBXFileReference; lastKnownFileType = sourcecode.c.objc; path = KTVVPGLStandardProgram.m; sourceTree = "<group>"; };
		9CD4D50C207B629E002CDBD8 /* KTVVPTransformFilter.h */ = {isa = PBXFileReference; lastKnownFileType = sourcecode.c.h; path = KTVVPTransformFilter.h; sourceTree = "<group>"; };
		9CD4D50D207B629E002CDBD8 /* KTVVPTransformFilter.m */ = {isa = PBXFileReference; lastKnownFileType = sourcecode.c.objc; path = KTVVPTransformFilter.m; sourceTree = "<group>"; };
		9CD7C5C8207C9C15006605BC /* KTVVPGLImageTexture.h */ = {isa = PBXFileReference; lastKnownFileType = sourcecode.c.h; path = KTVVPGLImageTexture.h; sourceTree = "<group>"; };
		9CD7C5C9207C9C15006605BC /* KTVVPGLImageTexture.m */ = {isa = PBXFileReference; lastKnownFileType = sourcecode.c.objc; path = KTVVPGLImageTexture.m; sourceTree = "<group>"; };
/* End PBXFileReference section */

/* Begin PBXFrameworksBuildPhase section */
		9C99058F205A194800D7CF3A /* Frameworks */ = {
			isa = PBXFrameworksBuildPhase;
			buildActionMask = 2147483647;
			files = (
				9C68D26820937BBA0035F0B8 /* libst_mobile.a in Frameworks */,
				9C2714AC2093697700052130 /* libz.tbd in Frameworks */,
			);
			runOnlyForDeploymentPostprocessing = 0;
		};
/* End PBXFrameworksBuildPhase section */

/* Begin PBXGroup section */
		9C271480209322D100052130 /* Audio */ = {
			isa = PBXGroup;
			children = (
				9C2714812093232C00052130 /* KTVVPAudioInput.h */,
				9C2714822093330700052130 /* KTVVPAudioSampleBuffer.h */,
				9C2714832093330700052130 /* KTVVPAudioSampleBuffer.m */,
			);
			path = Audio;
			sourceTree = "<group>";
		};
		9C2714AA2093696E00052130 /* Frameworks */ = {
			isa = PBXGroup;
			children = (
				9C2714AB2093696F00052130 /* libz.tbd */,
			);
			name = Frameworks;
			sourceTree = "<group>";
		};
		9C2714B9209376C800052130 /* Extension */ = {
			isa = PBXGroup;
			children = (
				9C68D24E20937BBA0035F0B8 /* sdk */,
				9C2714E7209376C800052130 /* resources */,
				9C2714CD209376C800052130 /* KTVVPBlackWhiteFilter.h */,
				9C2714CE209376C800052130 /* KTVVPBlackWhiteFilter.m */,
				9C2714CF209376C800052130 /* KTVVPChartletBundle.h */,
				9C2714D0209376C800052130 /* KTVVPChartletBundle.m */,
				9C2714D1209376C800052130 /* KTVVPChartletFilter.h */,
				9C2714D2209376C800052130 /* KTVVPChartletFilter.m */,
				9C2714D3209376C800052130 /* KTVVPChartletItem.h */,
				9C2714D4209376C800052130 /* KTVVPChartletItem.m */,
				9C2714D5209376C800052130 /* KTVVPEffectFilter.h */,
				9C2714D6209376C800052130 /* KTVVPEffectFilter.m */,
				9C2714D7209376C800052130 /* KTVVPFaceAction.h */,
				9C2714D8209376C800052130 /* KTVVPFaceAction.m */,
				9C2714D9209376C800052130 /* KTVVPHumanAction.h */,
				9C2714DA209376C800052130 /* KTVVPHumanAction.m */,
				9C2714DB209376C800052130 /* KTVVPRadialFilter.h */,
				9C2714DC209376C800052130 /* KTVVPRadialFilter.m */,
				9C2714DD209376C800052130 /* KTVVPSenseTimeChecker.h */,
				9C2714DE209376C800052130 /* KTVVPSenseTimeChecker.mm */,
				9C2714DF209376C800052130 /* KTVVPSenseTimeFilter.h */,
				9C2714E0209376C800052130 /* KTVVPSenseTimeFilter.m */,
				9C2714E1209376C800052130 /* KTVVPToneCurveEffect.h */,
				9C2714E2209376C800052130 /* KTVVPToneCurveEffect.m */,
				9C2714E3209376C800052130 /* KTVVPToneCurveFilter.h */,
				9C2714E4209376C800052130 /* KTVVPToneCurveFilter.m */,
				9C2714E5209376C800052130 /* KTVVPToneCurveProgram.h */,
				9C2714E6209376C800052130 /* KTVVPToneCurveProgram.m */,
			);
			path = Extension;
			sourceTree = "<group>";
		};
		9C2714E7209376C800052130 /* resources */ = {
			isa = PBXGroup;
			children = (
				9C2714E8209376C800052130 /* BlueCrystal.acv */,
				9C2714E9209376C800052130 /* Chartlet.bundle */,
				9C2714EA209376C800052130 /* Cool.acv */,
				9C2714EB209376C800052130 /* Grace.acv */,
				9C2714EC209376C800052130 /* Japanese.acv */,
				9C2714ED209376C800052130 /* LakeWater.acv */,
			);
			path = resources;
			sourceTree = "<group>";
		};
		9C622C2E2068C7AA00E7C630 /* Filter */ = {
			isa = PBXGroup;
			children = (
				9C611929205F58760040B277 /* KTVVPFilter.h */,
				9C61192A205F58760040B277 /* KTVVPFilter.m */,
				9C611930205F8E120040B277 /* KTVVPThroughFilter.h */,
				9C611931205F8E120040B277 /* KTVVPThroughFilter.m */,
				9CD4D50C207B629E002CDBD8 /* KTVVPTransformFilter.h */,
				9CD4D50D207B629E002CDBD8 /* KTVVPTransformFilter.m */,
			);
			path = Filter;
			sourceTree = "<group>";
		};
		9C68D24E20937BBA0035F0B8 /* sdk */ = {
			isa = PBXGroup;
			children = (
				9C22E4AC2093870E009E3687 /* filters.bundle */,
				9C68D24F20937BBA0035F0B8 /* action.model */,
				9C68D25620937BBA0035F0B8 /* libst_mobile.a */,
				9C68D25720937BBA0035F0B8 /* SENSEME.lic */,
				9C68D25820937BBA0035F0B8 /* st_mobile_beautify.h */,
				9C68D25920937BBA0035F0B8 /* st_mobile_common.h */,
				9C68D25A20937BBA0035F0B8 /* st_mobile_face_attribute.h */,
				9C68D25B20937BBA0035F0B8 /* st_mobile_filter.h */,
				9C68D25C20937BBA0035F0B8 /* st_mobile_human_action.h */,
				9C68D25D20937BBA0035F0B8 /* st_mobile_license.h */,
				9C68D25E20937BBA0035F0B8 /* st_mobile_object.h */,
				9C68D25F20937BBA0035F0B8 /* st_mobile_sticker.h */,
				9C68D26020937BBA0035F0B8 /* STMobileLog.h */,
			);
			path = sdk;
			sourceTree = "<group>";
		};
		9C990589205A194800D7CF3A = {
			isa = PBXGroup;
			children = (
				9C9905AB205A19D200D7CF3A /* KTVVideoProcess */,
				9C990594205A194800D7CF3A /* KTVVideoProcessDemo */,
				9C990593205A194800D7CF3A /* Products */,
				9C2714AA2093696E00052130 /* Frameworks */,
			);
			sourceTree = "<group>";
		};
		9C990593205A194800D7CF3A /* Products */ = {
			isa = PBXGroup;
			children = (
				9C990592205A194800D7CF3A /* KTVVideoProcessDemo.app */,
			);
			name = Products;
			sourceTree = "<group>";
		};
		9C990594205A194800D7CF3A /* KTVVideoProcessDemo */ = {
			isa = PBXGroup;
			children = (
				9C990595205A194800D7CF3A /* AppDelegate.h */,
				9C990596205A194800D7CF3A /* AppDelegate.m */,
				9C990598205A194800D7CF3A /* ViewController.h */,
				9C990599205A194800D7CF3A /* ViewController.m */,
				9C22E4AE20938A2A009E3687 /* SenseTimeFilterViewController.h */,
				9C22E4AF20938A2A009E3687 /* SenseTimeFilterViewController.m */,
				9C99059B205A194800D7CF3A /* Main.storyboard */,
				9C99059E205A194800D7CF3A /* Assets.xcassets */,
				9C9905A0205A194800D7CF3A /* LaunchScreen.storyboard */,
				9C9905A3205A194800D7CF3A /* Info.plist */,
				9C9905A4205A194800D7CF3A /* main.m */,
			);
			path = KTVVideoProcessDemo;
			sourceTree = "<group>";
		};
		9C9905AB205A19D200D7CF3A /* KTVVideoProcess */ = {
			isa = PBXGroup;
			children = (
				9C2714B9209376C800052130 /* Extension */,
				9C9905AC205A19D200D7CF3A /* Classes */,
			);
			path = KTVVideoProcess;
			sourceTree = "<group>";
		};
		9C9905AC205A19D200D7CF3A /* Classes */ = {
			isa = PBXGroup;
			children = (
				9C271480209322D100052130 /* Audio */,
				9C9905AF205A19D200D7CF3A /* Source */,
				9C9905AE205A19D200D7CF3A /* Pipeline */,
				9C622C2E2068C7AA00E7C630 /* Filter */,
				9C9905AD205A19D200D7CF3A /* Output */,
				9C9905B6205A1DCD00D7CF3A /* Frame */,
				9C9905B3205A1C3B00D7CF3A /* Common */,
				9C9905CC205A4D6E00D7CF3A /* Message */,
				9C9905D1205A626900D7CF3A /* OpenGL */,
			);
			path = Classes;
			sourceTree = "<group>";
		};
		9C9905AD205A19D200D7CF3A /* Output */ = {
			isa = PBXGroup;
			children = (
				9C9905BD205A211A00D7CF3A /* KTVVPFrameView.h */,
				9C9905BE205A211A00D7CF3A /* KTVVPFrameView.m */,
				9C3E5CFB2062129200F30377 /* KTVVPFrameWriter.h */,
				9C3E5CFC2062129200F30377 /* KTVVPFrameWriter.m */,
			);
			path = Output;
			sourceTree = "<group>";
		};
		9C9905AE205A19D200D7CF3A /* Pipeline */ = {
			isa = PBXGroup;
			children = (
				9C3470EF206515BC00A66180 /* KTVVPPipeline.h */,
				9C622C2420688E0D00E7C630 /* KTVVPPipeline.m */,
				9C622C2A206894FF00E7C630 /* KTVVPPipelinePrivate.h */,
				9C3470F02065174F00A66180 /* KTVVPSerialPipeline.h */,
				9C3470F12065174F00A66180 /* KTVVPSerialPipeline.m */,
				9C622C2F2068C8BE00E7C630 /* KTVVPConcurrentPipeline.h */,
				9C622C302068C8BE00E7C630 /* KTVVPConcurrentPipeline.m */,
			);
			path = Pipeline;
			sourceTree = "<group>";
		};
		9C9905AF205A19D200D7CF3A /* Source */ = {
			isa = PBXGroup;
			children = (
				9C3470EE206514BB00A66180 /* KTVVPSource.h */,
				9C622C2220688D4500E7C630 /* KTVVPSource.m */,
				9C9905B0205A1A2600D7CF3A /* KTVVPVideoCamera.h */,
				9C9905B1205A1A2600D7CF3A /* KTVVPVideoCamera.m */,
			);
			path = Source;
			sourceTree = "<group>";
		};
		9C9905B3205A1C3B00D7CF3A /* Common */ = {
			isa = PBXGroup;
			children = (
				9C3E5CFA206208F800F30377 /* KTVVPDefines.h */,
				9C5F2CC02071CA4D00FA0657 /* KTVVPDefines.m */,
				9CC08E55205B88F000F15D88 /* KTVVPContext.h */,
				9CC08E56205B88F000F15D88 /* KTVVPContext.m */,
				9C9905CD205A4D8600D7CF3A /* KTVVPObjectQueue.h */,
				9C9905CE205A4D8600D7CF3A /* KTVVPObjectQueue.m */,
				9C544F4D206B336D008B2768 /* KTVVPTimeComponents.h */,
				9C544F4E206B336D008B2768 /* KTVVPTimeComponents.m */,
				9C544F52206C91A7008B2768 /* EAGLContext+KTVVPExtension.h */,
				9C544F53206C91A7008B2768 /* EAGLContext+KTVVPExtension.m */,
			);
			path = Common;
			sourceTree = "<group>";
		};
		9C9905B6205A1DCD00D7CF3A /* Frame */ = {
			isa = PBXGroup;
			children = (
				9C9905B7205A1DF900D7CF3A /* KTVVPFrame.h */,
				9C9905B8205A1DF900D7CF3A /* KTVVPFrame.m */,
				9C36BC24208055D700916196 /* KTVVPFrameLayout.h */,
				9C36BC25208055D700916196 /* KTVVPFrameLayout.m */,
				9C622C2C2068A8EF00E7C630 /* KTVVPFrameInput.h */,
				9C9905BA205A1E1800D7CF3A /* KTVVPFramePool.h */,
				9C9905BB205A1E1800D7CF3A /* KTVVPFramePool.m */,
				9CC08E4F205B6D0300F15D88 /* KTVVPFrameUploader.h */,
				9CC08E50205B6D0300F15D88 /* KTVVPFrameUploader.m */,
				9C3E5C752060B6A200F30377 /* KTVVPFrameCMSmapleBuffer.h */,
				9C3E5C762060B6A200F30377 /* KTVVPFrameCMSmapleBuffer.m */,
				9C3E5C782060C9A200F30377 /* KTVVPFrameDrawable.h */,
				9C3E5C792060C9A200F30377 /* KTVVPFrameDrawable.m */,
				9C2E3BF02089941700BC1F34 /* KTVVPFrameGLTexture.h */,
				9C2E3BF12089941800BC1F34 /* KTVVPFrameGLTexture.m */,
			);
			path = Frame;
			sourceTree = "<group>";
		};
		9C9905CC205A4D6E00D7CF3A /* Message */ = {
			isa = PBXGroup;
			children = (
				9C9905C9205A4D3300D7CF3A /* KTVVPMessage.h */,
				9C9905CA205A4D3300D7CF3A /* KTVVPMessage.m */,
				9C9905C6205A4C5E00D7CF3A /* KTVVPMessageLoop.h */,
				9C9905C7205A4C5E00D7CF3A /* KTVVPMessageLoop.m */,
			);
			path = Message;
			sourceTree = "<group>";
		};
		9C9905D1205A626900D7CF3A /* OpenGL */ = {
			isa = PBXGroup;
			children = (
				9C9905D0205A54B100D7CF3A /* KTVVPGLDefines.h */,
				9C9905D2205A627F00D7CF3A /* KTVVPGLProgram.h */,
				9C9905D3205A627F00D7CF3A /* KTVVPGLProgram.m */,
				9C9905D5205A6A5F00D7CF3A /* KTVVPGLModel.h */,
				9C9905D6205A6A5F00D7CF3A /* KTVVPGLModel.m */,
				9C9905D8205A6B1000D7CF3A /* KTVVPGLPlaneModel.h */,
				9C9905D9205A6B1000D7CF3A /* KTVVPGLPlaneModel.m */,
				9CD4D500207B46D1002CDBD8 /* KTVVPGLStandardProgram.h */,
				9CD4D501207B46D1002CDBD8 /* KTVVPGLStandardProgram.m */,
				9CD7C5C8207C9C15006605BC /* KTVVPGLImageTexture.h */,
				9CD7C5C9207C9C15006605BC /* KTVVPGLImageTexture.m */,
			);
			path = OpenGL;
			sourceTree = "<group>";
		};
/* End PBXGroup section */

/* Begin PBXNativeTarget section */
		9C990591205A194800D7CF3A /* KTVVideoProcessDemo */ = {
			isa = PBXNativeTarget;
			buildConfigurationList = 9C9905A8205A194800D7CF3A /* Build configuration list for PBXNativeTarget "KTVVideoProcessDemo" */;
			buildPhases = (
				9C99058E205A194800D7CF3A /* Sources */,
				9C99058F205A194800D7CF3A /* Frameworks */,
				9C990590205A194800D7CF3A /* Resources */,
			);
			buildRules = (
			);
			dependencies = (
			);
			name = KTVVideoProcessDemo;
			productName = KTVVideoProcessDemo;
			productReference = 9C990592205A194800D7CF3A /* KTVVideoProcessDemo.app */;
			productType = "com.apple.product-type.application";
		};
/* End PBXNativeTarget section */

/* Begin PBXProject section */
		9C99058A205A194800D7CF3A /* Project object */ = {
			isa = PBXProject;
			attributes = {
				LastUpgradeCheck = 0910;
				ORGANIZATIONNAME = Single;
				TargetAttributes = {
					9C990591205A194800D7CF3A = {
						CreatedOnToolsVersion = 9.1;
						ProvisioningStyle = Automatic;
					};
				};
			};
			buildConfigurationList = 9C99058D205A194800D7CF3A /* Build configuration list for PBXProject "KTVVideoProcessDemo" */;
			compatibilityVersion = "Xcode 8.0";
			developmentRegion = en;
			hasScannedForEncodings = 0;
			knownRegions = (
				en,
				Base,
			);
			mainGroup = 9C990589205A194800D7CF3A;
			productRefGroup = 9C990593205A194800D7CF3A /* Products */;
			projectDirPath = "";
			projectRoot = "";
			targets = (
				9C990591205A194800D7CF3A /* KTVVideoProcessDemo */,
			);
		};
/* End PBXProject section */

/* Begin PBXResourcesBuildPhase section */
		9C990590205A194800D7CF3A /* Resources */ = {
			isa = PBXResourcesBuildPhase;
			buildActionMask = 2147483647;
			files = (
				9C271509209376C800052130 /* LakeWater.acv in Resources */,
				9C68D26120937BBA0035F0B8 /* action.model in Resources */,
				9C9905A2205A194800D7CF3A /* LaunchScreen.storyboard in Resources */,
				9C271507209376C800052130 /* Grace.acv in Resources */,
				9C271504209376C800052130 /* BlueCrystal.acv in Resources */,
				9C271506209376C800052130 /* Cool.acv in Resources */,
				9C68D26920937BBA0035F0B8 /* SENSEME.lic in Resources */,
				9C99059F205A194800D7CF3A /* Assets.xcassets in Resources */,
				9C271508209376C800052130 /* Japanese.acv in Resources */,
				9C22E4AD2093870F009E3687 /* filters.bundle in Resources */,
				9C271505209376C800052130 /* Chartlet.bundle in Resources */,
				9C99059D205A194800D7CF3A /* Main.storyboard in Resources */,
			);
			runOnlyForDeploymentPostprocessing = 0;
		};
/* End PBXResourcesBuildPhase section */

/* Begin PBXSourcesBuildPhase section */
		9C99058E205A194800D7CF3A /* Sources */ = {
			isa = PBXSourcesBuildPhase;
			buildActionMask = 2147483647;
			files = (
				9C544F4F206B336D008B2768 /* KTVVPTimeComponents.m in Sources */,
				9C611932205F8E120040B277 /* KTVVPThroughFilter.m in Sources */,
				9C622C312068C8BE00E7C630 /* KTVVPConcurrentPipeline.m in Sources */,
				9C271502209376C800052130 /* KTVVPToneCurveFilter.m in Sources */,
				9C22E4B020938A2A009E3687 /* SenseTimeFilterViewController.m in Sources */,
				9C3E5C7A2060C9A200F30377 /* KTVVPFrameDrawable.m in Sources */,
				9C2714F9209376C800052130 /* KTVVPChartletFilter.m in Sources */,
				9C544F54206C91A7008B2768 /* EAGLContext+KTVVPExtension.m in Sources */,
				9C2714F7209376C800052130 /* KTVVPBlackWhiteFilter.m in Sources */,
				9C2714FD209376C800052130 /* KTVVPHumanAction.m in Sources */,
				9C9905D7205A6A5F00D7CF3A /* KTVVPGLModel.m in Sources */,
				9C271500209376C800052130 /* KTVVPSenseTimeFilter.m in Sources */,
				9C2E3BF22089941800BC1F34 /* KTVVPFrameGLTexture.m in Sources */,
				9C3E5CFD2062129200F30377 /* KTVVPFrameWriter.m in Sources */,
				9C9905CF205A4D8600D7CF3A /* KTVVPObjectQueue.m in Sources */,
				9C9905DA205A6B1000D7CF3A /* KTVVPGLPlaneModel.m in Sources */,
				9C2714FC209376C800052130 /* KTVVPFaceAction.m in Sources */,
				9C3470F22065174F00A66180 /* KTVVPSerialPipeline.m in Sources */,
				9C2714F8209376C800052130 /* KTVVPChartletBundle.m in Sources */,
				9CD4D50E207B629E002CDBD8 /* KTVVPTransformFilter.m in Sources */,
				9C622C2320688D4500E7C630 /* KTVVPSource.m in Sources */,
				9C2714FA209376C800052130 /* KTVVPChartletItem.m in Sources */,
				9C9905B2205A1A2600D7CF3A /* KTVVPVideoCamera.m in Sources */,
				9C271503209376C800052130 /* KTVVPToneCurveProgram.m in Sources */,
				9C36BC26208055D700916196 /* KTVVPFrameLayout.m in Sources */,
				9C2714FE209376C800052130 /* KTVVPRadialFilter.m in Sources */,
				9C9905C8205A4C5E00D7CF3A /* KTVVPMessageLoop.m in Sources */,
				9CC08E51205B6D0300F15D88 /* KTVVPFrameUploader.m in Sources */,
				9C5F2CC12071CA4E00FA0657 /* KTVVPDefines.m in Sources */,
				9CD4D502207B46D1002CDBD8 /* KTVVPGLStandardProgram.m in Sources */,
				9C61192B205F58760040B277 /* KTVVPFilter.m in Sources */,
				9C99059A205A194800D7CF3A /* ViewController.m in Sources */,
				9CD7C5CA207C9C15006605BC /* KTVVPGLImageTexture.m in Sources */,
				9C9905CB205A4D3300D7CF3A /* KTVVPMessage.m in Sources */,
				9C9905A5205A194800D7CF3A /* main.m in Sources */,
				9C9905B9205A1DF900D7CF3A /* KTVVPFrame.m in Sources */,
				9C9905BF205A211A00D7CF3A /* KTVVPFrameView.m in Sources */,
				9C2714FF209376C800052130 /* KTVVPSenseTimeChecker.mm in Sources */,
				9C2714842093330700052130 /* KTVVPAudioSampleBuffer.m in Sources */,
				9C271501209376C800052130 /* KTVVPToneCurveEffect.m in Sources */,
				9C990597205A194800D7CF3A /* AppDelegate.m in Sources */,
				9C2714FB209376C800052130 /* KTVVPEffectFilter.m in Sources */,
				9C9905BC205A1E1800D7CF3A /* KTVVPFramePool.m in Sources */,
				9C622C2520688E0D00E7C630 /* KTVVPPipeline.m in Sources */,
				9CC08E57205B88F000F15D88 /* KTVVPContext.m in Sources */,
				9C9905D4205A627F00D7CF3A /* KTVVPGLProgram.m in Sources */,
				9C3E5C772060B6A200F30377 /* KTVVPFrameCMSmapleBuffer.m in Sources */,
			);
			runOnlyForDeploymentPostprocessing = 0;
		};
/* End PBXSourcesBuildPhase section */

/* Begin PBXVariantGroup section */
		9C99059B205A194800D7CF3A /* Main.storyboard */ = {
			isa = PBXVariantGroup;
			children = (
				9C99059C205A194800D7CF3A /* Base */,
			);
			name = Main.storyboard;
			sourceTree = "<group>";
		};
		9C9905A0205A194800D7CF3A /* LaunchScreen.storyboard */ = {
			isa = PBXVariantGroup;
			children = (
				9C9905A1205A194800D7CF3A /* Base */,
			);
			name = LaunchScreen.storyboard;
			sourceTree = "<group>";
		};
/* End PBXVariantGroup section */

/* Begin XCBuildConfiguration section */
		9C9905A6205A194800D7CF3A /* Debug */ = {
			isa = XCBuildConfiguration;
			buildSettings = {
				ALWAYS_SEARCH_USER_PATHS = NO;
				CLANG_ANALYZER_NONNULL = YES;
				CLANG_ANALYZER_NUMBER_OBJECT_CONVERSION = YES_AGGRESSIVE;
				CLANG_CXX_LANGUAGE_STANDARD = "gnu++14";
				CLANG_CXX_LIBRARY = "libc++";
				CLANG_ENABLE_MODULES = YES;
				CLANG_ENABLE_OBJC_ARC = YES;
				CLANG_WARN_BLOCK_CAPTURE_AUTORELEASING = YES;
				CLANG_WARN_BOOL_CONVERSION = YES;
				CLANG_WARN_COMMA = YES;
				CLANG_WARN_CONSTANT_CONVERSION = YES;
				CLANG_WARN_DIRECT_OBJC_ISA_USAGE = YES_ERROR;
				CLANG_WARN_DOCUMENTATION_COMMENTS = YES;
				CLANG_WARN_EMPTY_BODY = YES;
				CLANG_WARN_ENUM_CONVERSION = YES;
				CLANG_WARN_INFINITE_RECURSION = YES;
				CLANG_WARN_INT_CONVERSION = YES;
				CLANG_WARN_NON_LITERAL_NULL_CONVERSION = YES;
				CLANG_WARN_OBJC_LITERAL_CONVERSION = YES;
				CLANG_WARN_OBJC_ROOT_CLASS = YES_ERROR;
				CLANG_WARN_RANGE_LOOP_ANALYSIS = YES;
				CLANG_WARN_STRICT_PROTOTYPES = YES;
				CLANG_WARN_SUSPICIOUS_MOVE = YES;
				CLANG_WARN_UNGUARDED_AVAILABILITY = YES_AGGRESSIVE;
				CLANG_WARN_UNREACHABLE_CODE = YES;
				CLANG_WARN__DUPLICATE_METHOD_MATCH = YES;
				CODE_SIGN_IDENTITY = "iPhone Developer";
				COPY_PHASE_STRIP = NO;
				DEBUG_INFORMATION_FORMAT = dwarf;
				ENABLE_STRICT_OBJC_MSGSEND = YES;
				ENABLE_TESTABILITY = YES;
				GCC_C_LANGUAGE_STANDARD = gnu11;
				GCC_DYNAMIC_NO_PIC = NO;
				GCC_NO_COMMON_BLOCKS = YES;
				GCC_OPTIMIZATION_LEVEL = 0;
				GCC_PREPROCESSOR_DEFINITIONS = (
					"DEBUG=1",
					"$(inherited)",
				);
				GCC_WARN_64_TO_32_BIT_CONVERSION = YES;
				GCC_WARN_ABOUT_RETURN_TYPE = YES_ERROR;
				GCC_WARN_UNDECLARED_SELECTOR = YES;
				GCC_WARN_UNINITIALIZED_AUTOS = YES_AGGRESSIVE;
				GCC_WARN_UNUSED_FUNCTION = YES;
				GCC_WARN_UNUSED_VARIABLE = YES;
				IPHONEOS_DEPLOYMENT_TARGET = 11.1;
				MTL_ENABLE_DEBUG_INFO = YES;
				ONLY_ACTIVE_ARCH = YES;
				SDKROOT = iphoneos;
			};
			name = Debug;
		};
		9C9905A7205A194800D7CF3A /* Release */ = {
			isa = XCBuildConfiguration;
			buildSettings = {
				ALWAYS_SEARCH_USER_PATHS = NO;
				CLANG_ANALYZER_NONNULL = YES;
				CLANG_ANALYZER_NUMBER_OBJECT_CONVERSION = YES_AGGRESSIVE;
				CLANG_CXX_LANGUAGE_STANDARD = "gnu++14";
				CLANG_CXX_LIBRARY = "libc++";
				CLANG_ENABLE_MODULES = YES;
				CLANG_ENABLE_OBJC_ARC = YES;
				CLANG_WARN_BLOCK_CAPTURE_AUTORELEASING = YES;
				CLANG_WARN_BOOL_CONVERSION = YES;
				CLANG_WARN_COMMA = YES;
				CLANG_WARN_CONSTANT_CONVERSION = YES;
				CLANG_WARN_DIRECT_OBJC_ISA_USAGE = YES_ERROR;
				CLANG_WARN_DOCUMENTATION_COMMENTS = YES;
				CLANG_WARN_EMPTY_BODY = YES;
				CLANG_WARN_ENUM_CONVERSION = YES;
				CLANG_WARN_INFINITE_RECURSION = YES;
				CLANG_WARN_INT_CONVERSION = YES;
				CLANG_WARN_NON_LITERAL_NULL_CONVERSION = YES;
				CLANG_WARN_OBJC_LITERAL_CONVERSION = YES;
				CLANG_WARN_OBJC_ROOT_CLASS = YES_ERROR;
				CLANG_WARN_RANGE_LOOP_ANALYSIS = YES;
				CLANG_WARN_STRICT_PROTOTYPES = YES;
				CLANG_WARN_SUSPICIOUS_MOVE = YES;
				CLANG_WARN_UNGUARDED_AVAILABILITY = YES_AGGRESSIVE;
				CLANG_WARN_UNREACHABLE_CODE = YES;
				CLANG_WARN__DUPLICATE_METHOD_MATCH = YES;
				CODE_SIGN_IDENTITY = "iPhone Developer";
				COPY_PHASE_STRIP = NO;
				DEBUG_INFORMATION_FORMAT = "dwarf-with-dsym";
				ENABLE_NS_ASSERTIONS = NO;
				ENABLE_STRICT_OBJC_MSGSEND = YES;
				GCC_C_LANGUAGE_STANDARD = gnu11;
				GCC_NO_COMMON_BLOCKS = YES;
				GCC_WARN_64_TO_32_BIT_CONVERSION = YES;
				GCC_WARN_ABOUT_RETURN_TYPE = YES_ERROR;
				GCC_WARN_UNDECLARED_SELECTOR = YES;
				GCC_WARN_UNINITIALIZED_AUTOS = YES_AGGRESSIVE;
				GCC_WARN_UNUSED_FUNCTION = YES;
				GCC_WARN_UNUSED_VARIABLE = YES;
				IPHONEOS_DEPLOYMENT_TARGET = 11.1;
				MTL_ENABLE_DEBUG_INFO = NO;
				SDKROOT = iphoneos;
				VALIDATE_PRODUCT = YES;
			};
			name = Release;
		};
		9C9905A9205A194800D7CF3A /* Debug */ = {
			isa = XCBuildConfiguration;
			buildSettings = {
				ASSETCATALOG_COMPILER_APPICON_NAME = AppIcon;
				CODE_SIGN_STYLE = Automatic;
				DEVELOPMENT_TEAM = 2EN49MUBLA;
				ENABLE_BITCODE = NO;
				INFOPLIST_FILE = KTVVideoProcessDemo/Info.plist;
				IPHONEOS_DEPLOYMENT_TARGET = 8.0;
				LD_RUNPATH_SEARCH_PATHS = "$(inherited) @executable_path/Frameworks";
				LIBRARY_SEARCH_PATHS = (
					"$(inherited)",
					"\"$(SRCROOT)/../Extension/face.mobilealignment\"",
					"\"$(SRCROOT)/../Extension/face.mobilealignment/SDKs\"",
					"$(PROJECT_DIR)/KTVVideoProcess/Extension/sdk",
				);
				PRODUCT_BUNDLE_IDENTIFIER = com.changba.KTVVideoProcess;
				PRODUCT_NAME = "$(TARGET_NAME)";
				TARGETED_DEVICE_FAMILY = "1,2";
			};
			name = Debug;
		};
		9C9905AA205A194800D7CF3A /* Release */ = {
			isa = XCBuildConfiguration;
			buildSettings = {
				ASSETCATALOG_COMPILER_APPICON_NAME = AppIcon;
				CODE_SIGN_STYLE = Automatic;
				DEVELOPMENT_TEAM = 2EN49MUBLA;
				ENABLE_BITCODE = NO;
				INFOPLIST_FILE = KTVVideoProcessDemo/Info.plist;
				IPHONEOS_DEPLOYMENT_TARGET = 8.0;
				LD_RUNPATH_SEARCH_PATHS = "$(inherited) @executable_path/Frameworks";
				LIBRARY_SEARCH_PATHS = (
					"$(inherited)",
					"\"$(SRCROOT)/../Extension/face.mobilealignment\"",
					"\"$(SRCROOT)/../Extension/face.mobilealignment/SDKs\"",
					"$(PROJECT_DIR)/KTVVideoProcess/Extension/sdk",
				);
				PRODUCT_BUNDLE_IDENTIFIER = com.changba.KTVVideoProcess;
				PRODUCT_NAME = "$(TARGET_NAME)";
				TARGETED_DEVICE_FAMILY = "1,2";
			};
			name = Release;
		};
/* End XCBuildConfiguration section */

/* Begin XCConfigurationList section */
		9C99058D205A194800D7CF3A /* Build configuration list for PBXProject "KTVVideoProcessDemo" */ = {
			isa = XCConfigurationList;
			buildConfigurations = (
				9C9905A6205A194800D7CF3A /* Debug */,
				9C9905A7205A194800D7CF3A /* Release */,
			);
			defaultConfigurationIsVisible = 0;
			defaultConfigurationName = Release;
		};
		9C9905A8205A194800D7CF3A /* Build configuration list for PBXNativeTarget "KTVVideoProcessDemo" */ = {
			isa = XCConfigurationList;
			buildConfigurations = (
				9C9905A9205A194800D7CF3A /* Debug */,
				9C9905AA205A194800D7CF3A /* Release */,
			);
			defaultConfigurationIsVisible = 0;
			defaultConfigurationName = Release;
		};
/* End XCConfigurationList section */
	};
	rootObject = 9C99058A205A194800D7CF3A /* Project object */;
}
